{
  "version": 4,
  "terraform_version": "1.12.2",
  "serial": 69,
  "lineage": "65d2a9f8-3a83-4a97-f7c0-72f0adc5daf5",
  "outputs": {
    "cost_optimization_info": {
      "value": {
        "auto_scaling_enabled": true,
        "environment_tier": "dev",
        "estimated_monthly_cost": "Low",
        "multi_az_enabled": false,
        "spot_instances_enabled": false
      },
      "type": [
        "object",
        {
          "auto_scaling_enabled": "bool",
          "environment_tier": "string",
          "estimated_monthly_cost": "string",
          "multi_az_enabled": "bool",
          "spot_instances_enabled": "bool"
        }
      ]
    },
    "deployment_info": {
      "value": {
        "account_id": "902597156026",
        "aws_provider_version": "~\u003e5.0",
        "aws_region": "ap-northeast-2",
        "deployment_timestamp": "2025-07-24T01:36:48Z",
        "environment": "dev",
        "project_name": "dev-app",
        "terraform_version": "\u003e=1.0"
      },
      "type": [
        "object",
        {
          "account_id": "string",
          "aws_provider_version": "string",
          "aws_region": "string",
          "deployment_timestamp": "string",
          "environment": "string",
          "project_name": "string",
          "terraform_version": "string"
        }
      ]
    },
    "dynamodb_tables_info": {
      "value": {
        "security_logs_table": {
          "arn": "arn:aws:dynamodb:ap-northeast-2:902597156026:table/security-logs-metadata",
          "id": "security-logs-metadata",
          "name": "security-logs-metadata",
          "stream_arn": "arn:aws:dynamodb:ap-northeast-2:902597156026:table/security-logs-metadata/stream/2025-07-24T01:36:54.594"
        },
        "user_sessions_table": {
          "arn": "arn:aws:dynamodb:ap-northeast-2:902597156026:table/user-sessions",
          "id": "user-sessions",
          "name": "user-sessions",
          "stream_arn": null
        }
      },
      "type": [
        "object",
        {
          "security_logs_table": [
            "object",
            {
              "arn": "string",
              "id": "string",
              "name": "string",
              "stream_arn": "string"
            }
          ],
          "user_sessions_table": [
            "object",
            {
              "arn": "string",
              "id": "string",
              "name": "string",
              "stream_arn": "string"
            }
          ]
        }
      ]
    },
    "eks_kubectl_config": {
      "value": "aws eks update-kubeconfig --region ap-northeast-2 --name my-eks-cluster",
      "type": "string"
    },
    "monitoring_info": {
      "value": {
        "application_log_group_arn": "arn:aws:logs:ap-northeast-2:902597156026:log-group:/aws/application/dev-app",
        "application_log_group_name": "/aws/application/dev-app",
        "security_log_group_arn": "arn:aws:logs:ap-northeast-2:902597156026:log-group:/aws/security/dev-app",
        "security_log_group_name": "/aws/security/dev-app",
        "sns_topic_arn": "arn:aws:sns:ap-northeast-2:902597156026:dev-app-security-alerts"
      },
      "type": [
        "object",
        {
          "application_log_group_arn": "string",
          "application_log_group_name": "string",
          "security_log_group_arn": "string",
          "security_log_group_name": "string",
          "sns_topic_arn": "string"
        }
      ]
    },
    "s3_buckets_info": {
      "value": {
        "artifacts_bucket_arn": "arn:aws:s3:::dev-app-artifacts-dev-1aaf3394",
        "artifacts_bucket_domain_name": "dev-app-artifacts-dev-1aaf3394.s3.amazonaws.com",
        "backups_bucket_arn": "arn:aws:s3:::dev-app-backups-dev-1aaf3394",
        "backups_bucket_domain_name": "dev-app-backups-dev-1aaf3394.s3.amazonaws.com",
        "logs_bucket_arn": "arn:aws:s3:::dev-app-logs-dev-1aaf3394",
        "logs_bucket_domain_name": "dev-app-logs-dev-1aaf3394.s3.amazonaws.com",
        "logs_bucket_id": "dev-app-logs-dev-1aaf3394"
      },
      "type": [
        "object",
        {
          "artifacts_bucket_arn": "string",
          "artifacts_bucket_domain_name": "string",
          "backups_bucket_arn": "string",
          "backups_bucket_domain_name": "string",
          "logs_bucket_arn": "string",
          "logs_bucket_domain_name": "string",
          "logs_bucket_id": "string"
        }
      ]
    },
    "security_checklist": {
      "value": {
        "backup_enabled": true,
        "cloudtrail_enabled": true,
        "config_enabled": true,
        "encryption_at_rest_enabled": true,
        "encryption_in_transit_enabled": true,
        "guardduty_enabled": true,
        "kms_key_rotation_enabled": true,
        "monitoring_enabled": true,
        "multi_az_enabled": false,
        "security_hub_enabled": true,
        "vpc_flow_logs_enabled": true
      },
      "type": [
        "object",
        {
          "backup_enabled": "bool",
          "cloudtrail_enabled": "bool",
          "config_enabled": "bool",
          "encryption_at_rest_enabled": "bool",
          "encryption_in_transit_enabled": "bool",
          "guardduty_enabled": "bool",
          "kms_key_rotation_enabled": "bool",
          "monitoring_enabled": "bool",
          "multi_az_enabled": "bool",
          "security_hub_enabled": "bool",
          "vpc_flow_logs_enabled": "bool"
        }
      ]
    }
  },
  "resources": [
    {
      "mode": "data",
      "type": "aws_availability_zones",
      "name": "available",
      "provider": "provider[\"registry.terraform.io/hashicorp/aws\"]",
      "instances": [
        {
          "schema_version": 0,
          "attributes": {
            "all_availability_zones": null,
            "exclude_names": null,
            "exclude_zone_ids": null,
            "filter": null,
            "group_names": [
              "ap-northeast-2-zg-1"
            ],
            "id": "ap-northeast-2",
            "names": [
              "ap-northeast-2a",
              "ap-northeast-2b",
              "ap-northeast-2c",
              "ap-northeast-2d"
            ],
            "state": "available",
            "timeouts": null,
            "zone_ids": [
              "apne2-az1",
              "apne2-az2",
              "apne2-az3",
              "apne2-az4"
            ]
          },
          "sensitive_attributes": [],
          "identity_schema_version": 0
        }
      ]
    },
    {
      "mode": "data",
      "type": "aws_caller_identity",
      "name": "current",
      "provider": "provider[\"registry.terraform.io/hashicorp/aws\"]",
      "instances": [
        {
          "schema_version": 0,
          "attributes": {
            "account_id": "902597156026",
            "arn": "arn:aws:iam::902597156026:user/terraform-user",
            "id": "902597156026",
            "user_id": "AIDA5EJX3TS5MLKA4QNTP"
          },
          "sensitive_attributes": [],
          "identity_schema_version": 0
        }
      ]
    },
    {
      "mode": "data",
      "type": "aws_region",
      "name": "current",
      "provider": "provider[\"registry.terraform.io/hashicorp/aws\"]",
      "instances": [
        {
          "schema_version": 0,
          "attributes": {
            "description": "Asia Pacific (Seoul)",
            "endpoint": "ec2.ap-northeast-2.amazonaws.com",
            "id": "ap-northeast-2",
            "name": "ap-northeast-2"
          },
          "sensitive_attributes": [],
          "identity_schema_version": 0
        }
      ]
    },
    {
      "mode": "managed",
      "type": "aws_cloudwatch_log_group",
      "name": "application_logs",
      "provider": "provider[\"registry.terraform.io/hashicorp/aws\"]",
      "instances": [
        {
          "schema_version": 0,
          "attributes": {
            "arn": "arn:aws:logs:ap-northeast-2:902597156026:log-group:/aws/application/dev-app",
            "id": "/aws/application/dev-app",
            "kms_key_id": "",
            "name": "/aws/application/dev-app",
            "name_prefix": "",
            "retention_in_days": 30,
            "skip_destroy": false,
            "tags": {
              "Component": "Monitoring",
              "CostCenter": "default-cost-center",
              "ManagedBy": "Terraform",
              "Name": "dev-app-app-logs",
              "Owner": "DevSecOps Team",
              "Project": "dev-app",
              "Terraform": "true"
            },
            "tags_all": {
              "Component": "Monitoring",
              "CostCenter": "default-cost-center",
              "Environment": "dev",
              "ManagedBy": "Terraform",
              "Name": "dev-app-app-logs",
              "Owner": "DevSecOps Team",
              "Project": "dev-app",
              "Terraform": "true"
            }
          },
          "sensitive_attributes": [],
          "identity_schema_version": 0,
          "private": "bnVsbA=="
        }
      ]
    },
    {
      "mode": "managed",
      "type": "aws_cloudwatch_log_group",
      "name": "security_logs",
      "provider": "provider[\"registry.terraform.io/hashicorp/aws\"]",
      "instances": [
        {
          "schema_version": 0,
          "attributes": {
            "arn": "arn:aws:logs:ap-northeast-2:902597156026:log-group:/aws/security/dev-app",
            "id": "/aws/security/dev-app",
            "kms_key_id": "",
            "name": "/aws/security/dev-app",
            "name_prefix": "",
            "retention_in_days": 90,
            "skip_destroy": false,
            "tags": {
              "Component": "Monitoring",
              "CostCenter": "default-cost-center",
              "ManagedBy": "Terraform",
              "Name": "dev-app-security-logs",
              "Owner": "DevSecOps Team",
              "Project": "dev-app",
              "Terraform": "true"
            },
            "tags_all": {
              "Component": "Monitoring",
              "CostCenter": "default-cost-center",
              "Environment": "dev",
              "ManagedBy": "Terraform",
              "Name": "dev-app-security-logs",
              "Owner": "DevSecOps Team",
              "Project": "dev-app",
              "Terraform": "true"
            }
          },
          "sensitive_attributes": [],
          "identity_schema_version": 0,
          "private": "bnVsbA=="
        }
      ]
    },
    {
      "mode": "managed",
      "type": "aws_kms_alias",
      "name": "main",
      "provider": "provider[\"registry.terraform.io/hashicorp/aws\"]",
      "instances": [
        {
          "schema_version": 0,
          "attributes": {
            "arn": "arn:aws:kms:ap-northeast-2:902597156026:alias/dev-app-test",
            "id": "alias/dev-app-test",
            "name": "alias/dev-app-test",
            "name_prefix": "",
            "target_key_arn": "arn:aws:kms:ap-northeast-2:902597156026:key/5211b14c-7540-423b-8540-e0d511075f75",
            "target_key_id": "5211b14c-7540-423b-8540-e0d511075f75"
          },
          "sensitive_attributes": [],
          "identity_schema_version": 0,
          "private": "bnVsbA==",
          "dependencies": [
            "aws_kms_key.main",
            "data.aws_caller_identity.current"
          ]
        }
      ]
    },
    {
      "mode": "managed",
      "type": "aws_kms_key",
      "name": "main",
      "provider": "provider[\"registry.terraform.io/hashicorp/aws\"]",
      "instances": [
        {
          "schema_version": 0,
          "attributes": {
            "arn": "arn:aws:kms:ap-northeast-2:902597156026:key/5211b14c-7540-423b-8540-e0d511075f75",
            "bypass_policy_lockout_safety_check": false,
            "custom_key_store_id": "",
            "customer_master_key_spec": "SYMMETRIC_DEFAULT",
            "deletion_window_in_days": 7,
            "description": "KMS key for dev-app",
            "enable_key_rotation": true,
            "id": "5211b14c-7540-423b-8540-e0d511075f75",
            "is_enabled": true,
            "key_id": "5211b14c-7540-423b-8540-e0d511075f75",
            "key_usage": "ENCRYPT_DECRYPT",
            "multi_region": false,
            "policy": "{\"Statement\":[{\"Action\":\"kms:*\",\"Effect\":\"Allow\",\"Principal\":{\"AWS\":\"arn:aws:iam::902597156026:root\"},\"Resource\":\"*\",\"Sid\":\"Enable IAM User Permissions\"},{\"Action\":[\"kms:Decrypt\",\"kms:GenerateDataKey\"],\"Effect\":\"Allow\",\"Principal\":{\"Service\":\"eks.amazonaws.com\"},\"Resource\":\"*\",\"Sid\":\"Allow EKS Service\"}],\"Version\":\"2012-10-17\"}",
            "tags": {
              "Component": "Security",
              "CostCenter": "default-cost-center",
              "ManagedBy": "Terraform",
              "Name": "dev-app-kms",
              "Owner": "DevSecOps Team",
              "Project": "dev-app",
              "Terraform": "true"
            },
            "tags_all": {
              "Component": "Security",
              "CostCenter": "default-cost-center",
              "Environment": "dev",
              "ManagedBy": "Terraform",
              "Name": "dev-app-kms",
              "Owner": "DevSecOps Team",
              "Project": "dev-app",
              "Terraform": "true"
            },
            "timeouts": null
          },
          "sensitive_attributes": [],
          "identity_schema_version": 0,
          "private": "eyJlMmJmYjczMC1lY2FhLTExZTYtOGY4OC0zNDM2M2JjN2M0YzAiOnsiY3JlYXRlIjoxMjAwMDAwMDAwMDB9fQ==",
          "dependencies": [
            "data.aws_caller_identity.current"
          ],
          "create_before_destroy": true
        }
      ]
    },
    {
      "mode": "managed",
      "type": "aws_lb",
      "name": "main",
      "provider": "provider[\"registry.terraform.io/hashicorp/aws\"]",
      "instances": []
    },
    {
      "mode": "managed",
      "type": "aws_lb_target_group",
      "name": "eks_nodes",
      "provider": "provider[\"registry.terraform.io/hashicorp/aws\"]",
      "instances": [
        {
          "index_key": 0,
          "schema_version": 0,
          "attributes": {
            "arn": "arn:aws:elasticloadbalancing:ap-northeast-2:902597156026:targetgroup/dev-app-eks-nodes-tg/067758f60c0b95b0",
            "arn_suffix": "targetgroup/dev-app-eks-nodes-tg/067758f60c0b95b0",
            "connection_termination": null,
            "deregistration_delay": "300",
            "health_check": [
              {
                "enabled": true,
                "healthy_threshold": 2,
                "interval": 30,
                "matcher": "200",
                "path": "/",
                "port": "traffic-port",
                "protocol": "HTTP",
                "timeout": 5,
                "unhealthy_threshold": 2
              }
            ],
            "id": "arn:aws:elasticloadbalancing:ap-northeast-2:902597156026:targetgroup/dev-app-eks-nodes-tg/067758f60c0b95b0",
            "ip_address_type": "ipv4",
            "lambda_multi_value_headers_enabled": false,
            "load_balancing_algorithm_type": "round_robin",
            "load_balancing_cross_zone_enabled": "use_load_balancer_configuration",
            "name": "dev-app-eks-nodes-tg",
            "name_prefix": "",
            "port": 8080,
            "preserve_client_ip": null,
            "protocol": "HTTP",
            "protocol_version": "HTTP1",
            "proxy_protocol_v2": false,
            "slow_start": 0,
            "stickiness": [
              {
                "cookie_duration": 86400,
                "cookie_name": "",
                "enabled": false,
                "type": "lb_cookie"
              }
            ],
            "tags": {
              "Component": "LoadBalancer",
              "CostCenter": "default-cost-center",
              "ManagedBy": "Terraform",
              "Name": "dev-app-eks-nodes-tg",
              "Owner": "DevSecOps Team",
              "Project": "dev-app",
              "Terraform": "true",
              "kubernetes.io/cluster/my-eks-cluster": "owned",
              "kubernetes.io/service-name": "default/example-service"
            },
            "tags_all": {
              "Component": "LoadBalancer",
              "CostCenter": "default-cost-center",
              "Environment": "dev",
              "ManagedBy": "Terraform",
              "Name": "dev-app-eks-nodes-tg",
              "Owner": "DevSecOps Team",
              "Project": "dev-app",
              "Terraform": "true",
              "kubernetes.io/cluster/my-eks-cluster": "owned",
              "kubernetes.io/service-name": "default/example-service"
            },
            "target_failover": [
              {
                "on_deregistration": null,
                "on_unhealthy": null
              }
            ],
            "target_health_state": [
              {
                "enable_unhealthy_connection_termination": null
              }
            ],
            "target_type": "instance",
            "vpc_id": "vpc-0097d5632100084a3"
          },
          "sensitive_attributes": [],
          "identity_schema_version": 0,
          "private": "bnVsbA==",
          "dependencies": [
            "module.vpc.aws_vpc.main"
          ]
        }
      ]
    },
    {
      "mode": "managed",
      "type": "aws_security_group",
      "name": "alb",
      "provider": "provider[\"registry.terraform.io/hashicorp/aws\"]",
      "instances": [
        {
          "index_key": 0,
          "schema_version": 1,
          "attributes": {
            "arn": "arn:aws:ec2:ap-northeast-2:902597156026:security-group/sg-00404c762e403fab1",
            "description": "Security group for Application Load Balancer",
            "egress": [
              {
                "cidr_blocks": [
                  "0.0.0.0/0"
                ],
                "description": "All outbound traffic",
                "from_port": 0,
                "ipv6_cidr_blocks": [],
                "prefix_list_ids": [],
                "protocol": "-1",
                "security_groups": [],
                "self": false,
                "to_port": 0
              }
            ],
            "id": "sg-00404c762e403fab1",
            "ingress": [
              {
                "cidr_blocks": [
                  "0.0.0.0/0"
                ],
                "description": "HTTP",
                "from_port": 80,
                "ipv6_cidr_blocks": [],
                "prefix_list_ids": [],
                "protocol": "tcp",
                "security_groups": [],
                "self": false,
                "to_port": 80
              },
              {
                "cidr_blocks": [
                  "0.0.0.0/0"
                ],
                "description": "HTTPS",
                "from_port": 443,
                "ipv6_cidr_blocks": [],
                "prefix_list_ids": [],
                "protocol": "tcp",
                "security_groups": [],
                "self": false,
                "to_port": 443
              }
            ],
            "name": "dev-app-alb20250724013702896000000002",
            "name_prefix": "dev-app-alb",
            "owner_id": "902597156026",
            "revoke_rules_on_delete": false,
            "tags": {
              "Component": "LoadBalancer",
              "CostCenter": "default-cost-center",
              "ManagedBy": "Terraform",
              "Name": "dev-app-alb-sg",
              "Owner": "DevSecOps Team",
              "Project": "dev-app",
              "Terraform": "true"
            },
            "tags_all": {
              "Component": "LoadBalancer",
              "CostCenter": "default-cost-center",
              "Environment": "dev",
              "ManagedBy": "Terraform",
              "Name": "dev-app-alb-sg",
              "Owner": "DevSecOps Team",
              "Project": "dev-app",
              "Terraform": "true"
            },
            "timeouts": null,
            "vpc_id": "vpc-0097d5632100084a3"
          },
          "sensitive_attributes": [],
          "identity_schema_version": 0,
          "private": "eyJlMmJmYjczMC1lY2FhLTExZTYtOGY4OC0zNDM2M2JjN2M0YzAiOnsiY3JlYXRlIjo2MDAwMDAwMDAwMDAsImRlbGV0ZSI6OTAwMDAwMDAwMDAwfSwic2NoZW1hX3ZlcnNpb24iOiIxIn0=",
          "dependencies": [
            "module.vpc.aws_vpc.main"
          ]
        }
      ]
    },
    {
      "mode": "managed",
      "type": "aws_security_group",
      "name": "bastion",
      "provider": "provider[\"registry.terraform.io/hashicorp/aws\"]",
      "instances": [
        {
          "schema_version": 1,
          "attributes": {
            "arn": "arn:aws:ec2:ap-northeast-2:902597156026:security-group/sg-0aa8580607cd46ce9",
            "description": "Security group for bastion host access",
            "egress": [
              {
                "cidr_blocks": [
                  "0.0.0.0/0"
                ],
                "description": "All outbound traffic",
                "from_port": 0,
                "ipv6_cidr_blocks": [],
                "prefix_list_ids": [],
                "protocol": "-1",
                "security_groups": [],
                "self": false,
                "to_port": 0
              }
            ],
            "id": "sg-0aa8580607cd46ce9",
            "ingress": [
              {
                "cidr_blocks": [
                  "10.0.0.0/16"
                ],
                "description": "SSH",
                "from_port": 22,
                "ipv6_cidr_blocks": [],
                "prefix_list_ids": [],
                "protocol": "tcp",
                "security_groups": [],
                "self": false,
                "to_port": 22
              }
            ],
            "name": "dev-app-bastion20250724013702111400000001",
            "name_prefix": "dev-app-bastion",
            "owner_id": "902597156026",
            "revoke_rules_on_delete": false,
            "tags": {
              "Component": "Security",
              "CostCenter": "default-cost-center",
              "ManagedBy": "Terraform",
              "Name": "dev-app-bastion-sg",
              "Owner": "DevSecOps Team",
              "Project": "dev-app",
              "Terraform": "true"
            },
            "tags_all": {
              "Component": "Security",
              "CostCenter": "default-cost-center",
              "Environment": "dev",
              "ManagedBy": "Terraform",
              "Name": "dev-app-bastion-sg",
              "Owner": "DevSecOps Team",
              "Project": "dev-app",
              "Terraform": "true"
            },
            "timeouts": null,
            "vpc_id": "vpc-0097d5632100084a3"
          },
          "sensitive_attributes": [],
          "identity_schema_version": 0,
          "private": "eyJlMmJmYjczMC1lY2FhLTExZTYtOGY4OC0zNDM2M2JjN2M0YzAiOnsiY3JlYXRlIjo2MDAwMDAwMDAwMDAsImRlbGV0ZSI6OTAwMDAwMDAwMDAwfSwic2NoZW1hX3ZlcnNpb24iOiIxIn0=",
          "dependencies": [
            "module.vpc.aws_vpc.main"
          ]
        }
      ]
    },
    {
      "mode": "managed",
      "type": "aws_security_group",
      "name": "bastion_extended",
      "provider": "provider[\"registry.terraform.io/hashicorp/aws\"]",
      "instances": []
    },
    {
      "mode": "managed",
      "type": "aws_security_group",
      "name": "monitoring",
      "provider": "provider[\"registry.terraform.io/hashicorp/aws\"]",
      "instances": [
        {
          "schema_version": 1,
          "attributes": {
            "arn": "arn:aws:ec2:ap-northeast-2:902597156026:security-group/sg-0b685ccd5bce00013",
            "description": "Security group for monitoring services (Prometheus, Grafana etc.)",
            "egress": [
              {
                "cidr_blocks": [
                  "0.0.0.0/0"
                ],
                "description": "All outbound traffic",
                "from_port": 0,
                "ipv6_cidr_blocks": [],
                "prefix_list_ids": [],
                "protocol": "-1",
                "security_groups": [],
                "self": false,
                "to_port": 0
              }
            ],
            "id": "sg-0b685ccd5bce00013",
            "ingress": [
              {
                "cidr_blocks": [
                  "10.0.0.0/16"
                ],
                "description": "Grafana",
                "from_port": 3000,
                "ipv6_cidr_blocks": [],
                "prefix_list_ids": [],
                "protocol": "tcp",
                "security_groups": [],
                "self": false,
                "to_port": 3000
              },
              {
                "cidr_blocks": [
                  "10.0.0.0/16"
                ],
                "description": "Node Exporter",
                "from_port": 9100,
                "ipv6_cidr_blocks": [],
                "prefix_list_ids": [],
                "protocol": "tcp",
                "security_groups": [],
                "self": false,
                "to_port": 9100
              },
              {
                "cidr_blocks": [
                  "10.0.0.0/16"
                ],
                "description": "Prometheus",
                "from_port": 9090,
                "ipv6_cidr_blocks": [],
                "prefix_list_ids": [],
                "protocol": "tcp",
                "security_groups": [],
                "self": false,
                "to_port": 9090
              }
            ],
            "name": "dev-app-dev-monitoring20250724013703632900000003",
            "name_prefix": "dev-app-dev-monitoring",
            "owner_id": "902597156026",
            "revoke_rules_on_delete": false,
            "tags": {
              "Component": "Monitoring",
              "Name": "dev-app-dev-monitoring-sg"
            },
            "tags_all": {
              "Component": "Monitoring",
              "CostCenter": "default-cost-center",
              "Environment": "dev",
              "ManagedBy": "Terraform",
              "Name": "dev-app-dev-monitoring-sg",
              "Owner": "DevSecOps Team",
              "Project": "dev-app"
            },
            "timeouts": null,
            "vpc_id": "vpc-0097d5632100084a3"
          },
          "sensitive_attributes": [],
          "identity_schema_version": 0,
          "private": "eyJlMmJmYjczMC1lY2FhLTExZTYtOGY4OC0zNDM2M2JjN2M0YzAiOnsiY3JlYXRlIjo2MDAwMDAwMDAwMDAsImRlbGV0ZSI6OTAwMDAwMDAwMDAwfSwic2NoZW1hX3ZlcnNpb24iOiIxIn0=",
          "dependencies": [
            "module.vpc.aws_vpc.main"
          ]
        }
      ]
    },
    {
      "mode": "managed",
      "type": "aws_security_group",
      "name": "vpc_endpoints",
      "provider": "provider[\"registry.terraform.io/hashicorp/aws\"]",
      "instances": [
        {
          "schema_version": 1,
          "attributes": {
            "arn": "arn:aws:ec2:ap-northeast-2:902597156026:security-group/sg-0620415ece9eda1a0",
            "description": "Security group for VPC endpoints",
            "egress": [],
            "id": "sg-0620415ece9eda1a0",
            "ingress": [
              {
                "cidr_blocks": [
                  "10.0.0.0/16"
                ],
                "description": "DNS from VPC (UDP)",
                "from_port": 53,
                "ipv6_cidr_blocks": [],
                "prefix_list_ids": [],
                "protocol": "udp",
                "security_groups": [],
                "self": false,
                "to_port": 53
              },
              {
                "cidr_blocks": [
                  "10.0.0.0/16"
                ],
                "description": "DNS from VPC",
                "from_port": 53,
                "ipv6_cidr_blocks": [],
                "prefix_list_ids": [],
                "protocol": "tcp",
                "security_groups": [],
                "self": false,
                "to_port": 53
              },
              {
                "cidr_blocks": [
                  "10.0.0.0/16"
                ],
                "description": "HTTPS from VPC",
                "from_port": 443,
                "ipv6_cidr_blocks": [],
                "prefix_list_ids": [],
                "protocol": "tcp",
                "security_groups": [],
                "self": false,
                "to_port": 443
              }
            ],
            "name": "dev-app-dev-vpc-endpoints20250724013704384400000004",
            "name_prefix": "dev-app-dev-vpc-endpoints",
            "owner_id": "902597156026",
            "revoke_rules_on_delete": false,
            "tags": {
              "Component": "VPCEndpoints",
              "Name": "dev-app-dev-vpc-endpoints-sg"
            },
            "tags_all": {
              "Component": "VPCEndpoints",
              "CostCenter": "default-cost-center",
              "Environment": "dev",
              "ManagedBy": "Terraform",
              "Name": "dev-app-dev-vpc-endpoints-sg",
              "Owner": "DevSecOps Team",
              "Project": "dev-app"
            },
            "timeouts": null,
            "vpc_id": "vpc-0097d5632100084a3"
          },
          "sensitive_attributes": [],
          "identity_schema_version": 0,
          "private": "eyJlMmJmYjczMC1lY2FhLTExZTYtOGY4OC0zNDM2M2JjN2M0YzAiOnsiY3JlYXRlIjo2MDAwMDAwMDAwMDAsImRlbGV0ZSI6OTAwMDAwMDAwMDAwfSwic2NoZW1hX3ZlcnNpb24iOiIxIn0=",
          "dependencies": [
            "module.vpc.aws_vpc.main"
          ]
        }
      ]
    },
    {
      "mode": "managed",
      "type": "aws_sns_topic",
      "name": "security_alerts",
      "provider": "provider[\"registry.terraform.io/hashicorp/aws\"]",
      "instances": [
        {
          "schema_version": 0,
          "attributes": {
            "application_failure_feedback_role_arn": "",
            "application_success_feedback_role_arn": "",
            "application_success_feedback_sample_rate": 0,
            "archive_policy": "",
            "arn": "arn:aws:sns:ap-northeast-2:902597156026:dev-app-security-alerts",
            "beginning_archive_time": "",
            "content_based_deduplication": false,
            "delivery_policy": "",
            "display_name": "",
            "fifo_topic": false,
            "firehose_failure_feedback_role_arn": "",
            "firehose_success_feedback_role_arn": "",
            "firehose_success_feedback_sample_rate": 0,
            "http_failure_feedback_role_arn": "",
            "http_success_feedback_role_arn": "",
            "http_success_feedback_sample_rate": 0,
            "id": "arn:aws:sns:ap-northeast-2:902597156026:dev-app-security-alerts",
            "kms_master_key_id": "",
            "lambda_failure_feedback_role_arn": "",
            "lambda_success_feedback_role_arn": "",
            "lambda_success_feedback_sample_rate": 0,
            "name": "dev-app-security-alerts",
            "name_prefix": "",
            "owner": "902597156026",
            "policy": "{\"Id\":\"__default_policy_ID\",\"Statement\":[{\"Action\":[\"SNS:GetTopicAttributes\",\"SNS:SetTopicAttributes\",\"SNS:AddPermission\",\"SNS:RemovePermission\",\"SNS:DeleteTopic\",\"SNS:Subscribe\",\"SNS:ListSubscriptionsByTopic\",\"SNS:Publish\"],\"Condition\":{\"StringEquals\":{\"AWS:SourceOwner\":\"902597156026\"}},\"Effect\":\"Allow\",\"Principal\":{\"AWS\":\"*\"},\"Resource\":\"arn:aws:sns:ap-northeast-2:902597156026:dev-app-security-alerts\",\"Sid\":\"__default_statement_ID\"}],\"Version\":\"2008-10-17\"}",
            "signature_version": 0,
            "sqs_failure_feedback_role_arn": "",
            "sqs_success_feedback_role_arn": "",
            "sqs_success_feedback_sample_rate": 0,
            "tags": {
              "Component": "Notifications",
              "CostCenter": "default-cost-center",
              "ManagedBy": "Terraform",
              "Name": "dev-app-security-alerts",
              "Owner": "DevSecOps Team",
              "Project": "dev-app",
              "Terraform": "true"
            },
            "tags_all": {
              "Component": "Notifications",
              "CostCenter": "default-cost-center",
              "Environment": "dev",
              "ManagedBy": "Terraform",
              "Name": "dev-app-security-alerts",
              "Owner": "DevSecOps Team",
              "Project": "dev-app",
              "Terraform": "true"
            },
            "tracing_config": ""
          },
          "sensitive_attributes": [],
          "identity_schema_version": 0,
          "private": "bnVsbA=="
        }
      ]
    },
    {
      "mode": "managed",
      "type": "aws_sns_topic_subscription",
      "name": "email_alerts",
      "provider": "provider[\"registry.terraform.io/hashicorp/aws\"]",
      "instances": []
    },
    {
      "mode": "managed",
      "type": "aws_ssm_parameter",
      "name": "security_policy",
      "provider": "provider[\"registry.terraform.io/hashicorp/aws\"]",
      "instances": [
        {
          "schema_version": 0,
          "attributes": {
            "allowed_pattern": "",
            "arn": "arn:aws:ssm:ap-northeast-2:902597156026:parameter/dev-app/dev/security/policy",
            "data_type": "text",
            "description": "Security policy document for dev-app dev",
            "id": "/dev-app/dev/security/policy",
            "insecure_value": null,
            "key_id": "",
            "name": "/dev-app/dev/security/policy",
            "overwrite": null,
            "tags": {
              "Component": "Security",
              "Name": "dev-app-dev-security-policy"
            },
            "tags_all": {
              "Component": "Security",
              "CostCenter": "default-cost-center",
              "Environment": "dev",
              "ManagedBy": "Terraform",
              "Name": "dev-app-dev-security-policy",
              "Owner": "DevSecOps Team",
              "Project": "dev-app"
            },
            "tier": "Standard",
            "type": "String",
            "value": "{\"access_control\":{\"description\":\"Access Control Configuration\",\"rules\":[\"Bastion host required for administrative access\",\"Service-to-service communication via security groups\",\"Least privilege IAM roles for all services\",\"MFA required for sensitive operations\"]},\"application_security\":{\"description\":\"Application Security Configuration\",\"rules\":[\"EKS clusters use private endpoints\",\"RDS instances are in private subnets only\",\"All communications use TLS/SSL encryption\"]},\"monitoring_security\":{\"description\":\"Security Monitoring Configuration\",\"rules\":[\"CloudTrail enabled for all API calls\",\"GuardDuty active threat detection\",\"Security Hub centralized findings\",\"VPC Flow Logs for network analysis\"]},\"vpc_security\":{\"description\":\"VPC Security Configuration\",\"rules\":[\"All traffic between subnets is controlled by security groups\",\"Database subnets are isolated from public internet\",\"Private subnets use NAT Gateway for outbound internet access\",\"VPC Flow Logs are enabled for network monitoring\"]}}",
            "version": 1
          },
          "sensitive_attributes": [
            [
              {
                "type": "get_attr",
                "value": "value"
              }
            ]
          ],
          "identity_schema_version": 0,
          "private": "bnVsbA=="
        }
      ]
    },
    {
      "module": "module.dynamodb_security_logs",
      "mode": "data",
      "type": "aws_region",
      "name": "current",
      "provider": "provider[\"registry.terraform.io/hashicorp/aws\"]",
      "instances": [
        {
          "schema_version": 0,
          "attributes": {
            "description": "Asia Pacific (Seoul)",
            "endpoint": "ec2.ap-northeast-2.amazonaws.com",
            "id": "ap-northeast-2",
            "name": "ap-northeast-2"
          },
          "sensitive_attributes": [],
          "identity_schema_version": 0
        }
      ]
    },
    {
      "module": "module.dynamodb_security_logs",
      "mode": "managed",
      "type": "aws_appautoscaling_policy",
      "name": "dynamodb_table_read_policy",
      "provider": "provider[\"registry.terraform.io/hashicorp/aws\"]",
      "instances": []
    },
    {
      "module": "module.dynamodb_security_logs",
      "mode": "managed",
      "type": "aws_appautoscaling_policy",
      "name": "dynamodb_table_write_policy",
      "provider": "provider[\"registry.terraform.io/hashicorp/aws\"]",
      "instances": []
    },
    {
      "module": "module.dynamodb_security_logs",
      "mode": "managed",
      "type": "aws_appautoscaling_target",
      "name": "dynamodb_gsi_read_target",
      "provider": "provider[\"registry.terraform.io/hashicorp/aws\"]",
      "instances": []
    },
    {
      "module": "module.dynamodb_security_logs",
      "mode": "managed",
      "type": "aws_appautoscaling_target",
      "name": "dynamodb_gsi_write_target",
      "provider": "provider[\"registry.terraform.io/hashicorp/aws\"]",
      "instances": []
    },
    {
      "module": "module.dynamodb_security_logs",
      "mode": "managed",
      "type": "aws_appautoscaling_target",
      "name": "dynamodb_table_read_target",
      "provider": "provider[\"registry.terraform.io/hashicorp/aws\"]",
      "instances": []
    },
    {
      "module": "module.dynamodb_security_logs",
      "mode": "managed",
      "type": "aws_appautoscaling_target",
      "name": "dynamodb_table_write_target",
      "provider": "provider[\"registry.terraform.io/hashicorp/aws\"]",
      "instances": []
    },
    {
      "module": "module.dynamodb_security_logs",
      "mode": "managed",
      "type": "aws_cloudwatch_metric_alarm",
      "name": "dynamodb_consumed_read_capacity",
      "provider": "provider[\"registry.terraform.io/hashicorp/aws\"]",
      "instances": []
    },
    {
      "module": "module.dynamodb_security_logs",
      "mode": "managed",
      "type": "aws_cloudwatch_metric_alarm",
      "name": "dynamodb_read_throttled_requests",
      "provider": "provider[\"registry.terraform.io/hashicorp/aws\"]",
      "instances": [
        {
          "index_key": 0,
          "schema_version": 1,
          "attributes": {
            "actions_enabled": true,
            "alarm_actions": null,
            "alarm_description": "This metric monitors DynamoDB read throttled requests",
            "alarm_name": "security-logs-metadata-read-throttled-requests",
            "arn": "arn:aws:cloudwatch:ap-northeast-2:902597156026:alarm:security-logs-metadata-read-throttled-requests",
            "comparison_operator": "GreaterThanThreshold",
            "datapoints_to_alarm": 0,
            "dimensions": {
              "TableName": "security-logs-metadata"
            },
            "evaluate_low_sample_count_percentiles": "",
            "evaluation_periods": 2,
            "extended_statistic": "",
            "id": "security-logs-metadata-read-throttled-requests",
            "insufficient_data_actions": null,
            "metric_name": "ReadThrottledEvents",
            "metric_query": [],
            "namespace": "AWS/DynamoDB",
            "ok_actions": null,
            "period": 300,
            "statistic": "Sum",
            "tags": {
              "Component": "Database",
              "CostCenter": "default-cost-center",
              "DataType": "SecurityLogs",
              "ManagedBy": "Terraform",
              "Owner": "DevSecOps Team",
              "Project": "dev-app",
              "Terraform": "true"
            },
            "tags_all": {
              "Component": "Database",
              "CostCenter": "default-cost-center",
              "DataType": "SecurityLogs",
              "Environment": "dev",
              "ManagedBy": "Terraform",
              "Owner": "DevSecOps Team",
              "Project": "dev-app",
              "Terraform": "true"
            },
            "threshold": 0,
            "threshold_metric_id": "",
            "treat_missing_data": "missing",
            "unit": ""
          },
          "sensitive_attributes": [],
          "identity_schema_version": 0,
          "private": "eyJzY2hlbWFfdmVyc2lvbiI6IjEifQ==",
          "dependencies": [
            "module.dynamodb_security_logs.aws_dynamodb_table.main",
            "module.dynamodb_security_logs.aws_kms_key.dynamodb"
          ]
        }
      ]
    },
    {
      "module": "module.dynamodb_security_logs",
      "mode": "managed",
      "type": "aws_cloudwatch_metric_alarm",
      "name": "dynamodb_write_throttled_requests",
      "provider": "provider[\"registry.terraform.io/hashicorp/aws\"]",
      "instances": [
        {
          "index_key": 0,
          "schema_version": 1,
          "attributes": {
            "actions_enabled": true,
            "alarm_actions": null,
            "alarm_description": "This metric monitors DynamoDB write throttled requests",
            "alarm_name": "security-logs-metadata-write-throttled-requests",
            "arn": "arn:aws:cloudwatch:ap-northeast-2:902597156026:alarm:security-logs-metadata-write-throttled-requests",
            "comparison_operator": "GreaterThanThreshold",
            "datapoints_to_alarm": 0,
            "dimensions": {
              "TableName": "security-logs-metadata"
            },
            "evaluate_low_sample_count_percentiles": "",
            "evaluation_periods": 2,
            "extended_statistic": "",
            "id": "security-logs-metadata-write-throttled-requests",
            "insufficient_data_actions": null,
            "metric_name": "WriteThrottledEvents",
            "metric_query": [],
            "namespace": "AWS/DynamoDB",
            "ok_actions": null,
            "period": 300,
            "statistic": "Sum",
            "tags": {
              "Component": "Database",
              "CostCenter": "default-cost-center",
              "DataType": "SecurityLogs",
              "ManagedBy": "Terraform",
              "Owner": "DevSecOps Team",
              "Project": "dev-app",
              "Terraform": "true"
            },
            "tags_all": {
              "Component": "Database",
              "CostCenter": "default-cost-center",
              "DataType": "SecurityLogs",
              "Environment": "dev",
              "ManagedBy": "Terraform",
              "Owner": "DevSecOps Team",
              "Project": "dev-app",
              "Terraform": "true"
            },
            "threshold": 0,
            "threshold_metric_id": "",
            "treat_missing_data": "missing",
            "unit": ""
          },
          "sensitive_attributes": [],
          "identity_schema_version": 0,
          "private": "eyJzY2hlbWFfdmVyc2lvbiI6IjEifQ==",
          "dependencies": [
            "module.dynamodb_security_logs.aws_dynamodb_table.main",
            "module.dynamodb_security_logs.aws_kms_key.dynamodb"
          ]
        }
      ]
    },
    {
      "module": "module.dynamodb_security_logs",
      "mode": "managed",
      "type": "aws_dynamodb_contributor_insights",
      "name": "main",
      "provider": "provider[\"registry.terraform.io/hashicorp/aws\"]",
      "instances": []
    },
    {
      "module": "module.dynamodb_security_logs",
      "mode": "managed",
      "type": "aws_dynamodb_global_table",
      "name": "main",
      "provider": "provider[\"registry.terraform.io/hashicorp/aws\"]",
      "instances": []
    },
    {
      "module": "module.dynamodb_security_logs",
      "mode": "managed",
      "type": "aws_dynamodb_table",
      "name": "main",
      "provider": "provider[\"registry.terraform.io/hashicorp/aws\"]",
      "instances": [
        {
          "schema_version": 1,
          "attributes": {
            "arn": "arn:aws:dynamodb:ap-northeast-2:902597156026:table/security-logs-metadata",
            "attribute": [
              {
                "name": "log_id",
                "type": "S"
              },
              {
                "name": "source_service",
                "type": "S"
              },
              {
                "name": "timestamp",
                "type": "S"
              }
            ],
            "billing_mode": "PAY_PER_REQUEST",
            "deletion_protection_enabled": false,
            "global_secondary_index": [
              {
                "hash_key": "source_service",
                "name": "source-service-index",
                "non_key_attributes": [],
                "projection_type": "ALL",
                "range_key": "timestamp",
                "read_capacity": null,
                "write_capacity": null
              }
            ],
            "hash_key": "log_id",
            "id": "security-logs-metadata",
            "import_table": [],
            "local_secondary_index": [],
            "name": "security-logs-metadata",
            "point_in_time_recovery": [
              {
                "enabled": true
              }
            ],
            "range_key": "timestamp",
            "read_capacity": 0,
            "replica": [],
            "restore_date_time": null,
            "restore_source_name": null,
            "restore_to_latest_time": null,
            "server_side_encryption": [
              {
                "enabled": true,
                "kms_key_arn": "arn:aws:kms:ap-northeast-2:902597156026:key/1171e1f3-900c-4aa0-8847-e18dd90d39b7"
              }
            ],
            "stream_arn": "arn:aws:dynamodb:ap-northeast-2:902597156026:table/security-logs-metadata/stream/2025-07-24T01:36:54.594",
            "stream_enabled": true,
            "stream_label": "2025-07-24T01:36:54.594",
            "stream_view_type": "NEW_AND_OLD_IMAGES",
            "table_class": "STANDARD",
            "tags": {
              "Component": "Database",
              "CostCenter": "default-cost-center",
              "DataType": "SecurityLogs",
              "ManagedBy": "Terraform",
              "Name": "security-logs-metadata",
              "Owner": "DevSecOps Team",
              "Project": "dev-app",
              "Terraform": "true",
              "Type": "DynamoDB Table"
            },
            "tags_all": {
              "Component": "Database",
              "CostCenter": "default-cost-center",
              "DataType": "SecurityLogs",
              "Environment": "dev",
              "ManagedBy": "Terraform",
              "Name": "security-logs-metadata",
              "Owner": "DevSecOps Team",
              "Project": "dev-app",
              "Terraform": "true",
              "Type": "DynamoDB Table"
            },
            "timeouts": null,
            "ttl": [
              {
                "attribute_name": "expiry_time",
                "enabled": true
              }
            ],
            "write_capacity": 0
          },
          "sensitive_attributes": [],
          "identity_schema_version": 0,
          "private": "eyJlMmJmYjczMC1lY2FhLTExZTYtOGY4OC0zNDM2M2JjN2M0YzAiOnsiY3JlYXRlIjoxODAwMDAwMDAwMDAwLCJkZWxldGUiOjYwMDAwMDAwMDAwMCwidXBkYXRlIjozNjAwMDAwMDAwMDAwfSwic2NoZW1hX3ZlcnNpb24iOiIxIn0=",
          "dependencies": [
            "module.dynamodb_security_logs.aws_kms_key.dynamodb"
          ]
        }
      ]
    },
    {
      "module": "module.dynamodb_security_logs",
      "mode": "managed",
      "type": "aws_dynamodb_table_replica",
      "name": "main",
      "provider": "provider[\"registry.terraform.io/hashicorp/aws\"]",
      "instances": []
    },
    {
      "module": "module.dynamodb_security_logs",
      "mode": "managed",
      "type": "aws_iam_role",
      "name": "dynamodb_access",
      "provider": "provider[\"registry.terraform.io/hashicorp/aws\"]",
      "instances": []
    },
    {
      "module": "module.dynamodb_security_logs",
      "mode": "managed",
      "type": "aws_iam_role_policy",
      "name": "dynamodb_access",
      "provider": "provider[\"registry.terraform.io/hashicorp/aws\"]",
      "instances": []
    },
    {
      "module": "module.dynamodb_security_logs",
      "mode": "managed",
      "type": "aws_kms_alias",
      "name": "dynamodb",
      "provider": "provider[\"registry.terraform.io/hashicorp/aws\"]",
      "instances": [
        {
          "index_key": 0,
          "schema_version": 0,
          "attributes": {
            "arn": "arn:aws:kms:ap-northeast-2:902597156026:alias/dev-app-security-logs-metadata-dynamodb-test",
            "id": "alias/dev-app-security-logs-metadata-dynamodb-test",
            "name": "alias/dev-app-security-logs-metadata-dynamodb-test",
            "name_prefix": "",
            "target_key_arn": "arn:aws:kms:ap-northeast-2:902597156026:key/1171e1f3-900c-4aa0-8847-e18dd90d39b7",
            "target_key_id": "1171e1f3-900c-4aa0-8847-e18dd90d39b7"
          },
          "sensitive_attributes": [],
          "identity_schema_version": 0,
          "private": "bnVsbA==",
          "dependencies": [
            "module.dynamodb_security_logs.aws_kms_key.dynamodb"
          ]
        }
      ]
    },
    {
      "module": "module.dynamodb_security_logs",
      "mode": "managed",
      "type": "aws_kms_key",
      "name": "dynamodb",
      "provider": "provider[\"registry.terraform.io/hashicorp/aws\"]",
      "instances": [
        {
          "index_key": 0,
          "schema_version": 0,
          "attributes": {
            "arn": "arn:aws:kms:ap-northeast-2:902597156026:key/1171e1f3-900c-4aa0-8847-e18dd90d39b7",
            "bypass_policy_lockout_safety_check": false,
            "custom_key_store_id": "",
            "customer_master_key_spec": "SYMMETRIC_DEFAULT",
            "deletion_window_in_days": 7,
            "description": "DynamoDB Table Encryption Key - dev-app",
            "enable_key_rotation": false,
            "id": "1171e1f3-900c-4aa0-8847-e18dd90d39b7",
            "is_enabled": true,
            "key_id": "1171e1f3-900c-4aa0-8847-e18dd90d39b7",
            "key_usage": "ENCRYPT_DECRYPT",
            "multi_region": false,
            "policy": "{\"Id\":\"key-default-1\",\"Statement\":[{\"Action\":\"kms:*\",\"Effect\":\"Allow\",\"Principal\":{\"AWS\":\"arn:aws:iam::902597156026:root\"},\"Resource\":\"*\",\"Sid\":\"Enable IAM User Permissions\"}],\"Version\":\"2012-10-17\"}",
            "tags": {
              "Component": "Database",
              "CostCenter": "default-cost-center",
              "DataType": "SecurityLogs",
              "ManagedBy": "Terraform",
              "Name": "dev-app-dynamodb-kms-key",
              "Owner": "DevSecOps Team",
              "Project": "dev-app",
              "Terraform": "true",
              "Use": "DynamoDB Encryption"
            },
            "tags_all": {
              "Component": "Database",
              "CostCenter": "default-cost-center",
              "DataType": "SecurityLogs",
              "Environment": "dev",
              "ManagedBy": "Terraform",
              "Name": "dev-app-dynamodb-kms-key",
              "Owner": "DevSecOps Team",
              "Project": "dev-app",
              "Terraform": "true",
              "Use": "DynamoDB Encryption"
            },
            "timeouts": null
          },
          "sensitive_attributes": [],
          "identity_schema_version": 0,
          "private": "eyJlMmJmYjczMC1lY2FhLTExZTYtOGY4OC0zNDM2M2JjN2M0YzAiOnsiY3JlYXRlIjoxMjAwMDAwMDAwMDB9fQ=="
        }
      ]
    },
    {
      "module": "module.dynamodb_user_sessions",
      "mode": "data",
      "type": "aws_region",
      "name": "current",
      "provider": "provider[\"registry.terraform.io/hashicorp/aws\"]",
      "instances": [
        {
          "schema_version": 0,
          "attributes": {
            "description": "Asia Pacific (Seoul)",
            "endpoint": "ec2.ap-northeast-2.amazonaws.com",
            "id": "ap-northeast-2",
            "name": "ap-northeast-2"
          },
          "sensitive_attributes": [],
          "identity_schema_version": 0
        }
      ]
    },
    {
      "module": "module.dynamodb_user_sessions",
      "mode": "managed",
      "type": "aws_appautoscaling_policy",
      "name": "dynamodb_table_read_policy",
      "provider": "provider[\"registry.terraform.io/hashicorp/aws\"]",
      "instances": []
    },
    {
      "module": "module.dynamodb_user_sessions",
      "mode": "managed",
      "type": "aws_appautoscaling_policy",
      "name": "dynamodb_table_write_policy",
      "provider": "provider[\"registry.terraform.io/hashicorp/aws\"]",
      "instances": []
    },
    {
      "module": "module.dynamodb_user_sessions",
      "mode": "managed",
      "type": "aws_appautoscaling_target",
      "name": "dynamodb_gsi_read_target",
      "provider": "provider[\"registry.terraform.io/hashicorp/aws\"]",
      "instances": []
    },
    {
      "module": "module.dynamodb_user_sessions",
      "mode": "managed",
      "type": "aws_appautoscaling_target",
      "name": "dynamodb_gsi_write_target",
      "provider": "provider[\"registry.terraform.io/hashicorp/aws\"]",
      "instances": []
    },
    {
      "module": "module.dynamodb_user_sessions",
      "mode": "managed",
      "type": "aws_appautoscaling_target",
      "name": "dynamodb_table_read_target",
      "provider": "provider[\"registry.terraform.io/hashicorp/aws\"]",
      "instances": []
    },
    {
      "module": "module.dynamodb_user_sessions",
      "mode": "managed",
      "type": "aws_appautoscaling_target",
      "name": "dynamodb_table_write_target",
      "provider": "provider[\"registry.terraform.io/hashicorp/aws\"]",
      "instances": []
    },
    {
      "module": "module.dynamodb_user_sessions",
      "mode": "managed",
      "type": "aws_cloudwatch_metric_alarm",
      "name": "dynamodb_consumed_read_capacity",
      "provider": "provider[\"registry.terraform.io/hashicorp/aws\"]",
      "instances": []
    },
    {
      "module": "module.dynamodb_user_sessions",
      "mode": "managed",
      "type": "aws_cloudwatch_metric_alarm",
      "name": "dynamodb_read_throttled_requests",
      "provider": "provider[\"registry.terraform.io/hashicorp/aws\"]",
      "instances": [
        {
          "index_key": 0,
          "schema_version": 1,
          "attributes": {
            "actions_enabled": true,
            "alarm_actions": null,
            "alarm_description": "This metric monitors DynamoDB read throttled requests",
            "alarm_name": "user-sessions-read-throttled-requests",
            "arn": "arn:aws:cloudwatch:ap-northeast-2:902597156026:alarm:user-sessions-read-throttled-requests",
            "comparison_operator": "GreaterThanThreshold",
            "datapoints_to_alarm": 0,
            "dimensions": {
              "TableName": "user-sessions"
            },
            "evaluate_low_sample_count_percentiles": "",
            "evaluation_periods": 2,
            "extended_statistic": "",
            "id": "user-sessions-read-throttled-requests",
            "insufficient_data_actions": null,
            "metric_name": "ReadThrottledEvents",
            "metric_query": [],
            "namespace": "AWS/DynamoDB",
            "ok_actions": null,
            "period": 300,
            "statistic": "Sum",
            "tags": {
              "Component": "Database",
              "CostCenter": "default-cost-center",
              "DataType": "UserSessions",
              "ManagedBy": "Terraform",
              "Owner": "DevSecOps Team",
              "Project": "dev-app",
              "Terraform": "true"
            },
            "tags_all": {
              "Component": "Database",
              "CostCenter": "default-cost-center",
              "DataType": "UserSessions",
              "Environment": "dev",
              "ManagedBy": "Terraform",
              "Owner": "DevSecOps Team",
              "Project": "dev-app",
              "Terraform": "true"
            },
            "threshold": 0,
            "threshold_metric_id": "",
            "treat_missing_data": "missing",
            "unit": ""
          },
          "sensitive_attributes": [],
          "identity_schema_version": 0,
          "private": "eyJzY2hlbWFfdmVyc2lvbiI6IjEifQ==",
          "dependencies": [
            "module.dynamodb_user_sessions.aws_dynamodb_table.main",
            "module.dynamodb_user_sessions.aws_kms_key.dynamodb"
          ]
        }
      ]
    },
    {
      "module": "module.dynamodb_user_sessions",
      "mode": "managed",
      "type": "aws_cloudwatch_metric_alarm",
      "name": "dynamodb_write_throttled_requests",
      "provider": "provider[\"registry.terraform.io/hashicorp/aws\"]",
      "instances": [
        {
          "index_key": 0,
          "schema_version": 1,
          "attributes": {
            "actions_enabled": true,
            "alarm_actions": null,
            "alarm_description": "This metric monitors DynamoDB write throttled requests",
            "alarm_name": "user-sessions-write-throttled-requests",
            "arn": "arn:aws:cloudwatch:ap-northeast-2:902597156026:alarm:user-sessions-write-throttled-requests",
            "comparison_operator": "GreaterThanThreshold",
            "datapoints_to_alarm": 0,
            "dimensions": {
              "TableName": "user-sessions"
            },
            "evaluate_low_sample_count_percentiles": "",
            "evaluation_periods": 2,
            "extended_statistic": "",
            "id": "user-sessions-write-throttled-requests",
            "insufficient_data_actions": null,
            "metric_name": "WriteThrottledEvents",
            "metric_query": [],
            "namespace": "AWS/DynamoDB",
            "ok_actions": null,
            "period": 300,
            "statistic": "Sum",
            "tags": {
              "Component": "Database",
              "CostCenter": "default-cost-center",
              "DataType": "UserSessions",
              "ManagedBy": "Terraform",
              "Owner": "DevSecOps Team",
              "Project": "dev-app",
              "Terraform": "true"
            },
            "tags_all": {
              "Component": "Database",
              "CostCenter": "default-cost-center",
              "DataType": "UserSessions",
              "Environment": "dev",
              "ManagedBy": "Terraform",
              "Owner": "DevSecOps Team",
              "Project": "dev-app",
              "Terraform": "true"
            },
            "threshold": 0,
            "threshold_metric_id": "",
            "treat_missing_data": "missing",
            "unit": ""
          },
          "sensitive_attributes": [],
          "identity_schema_version": 0,
          "private": "eyJzY2hlbWFfdmVyc2lvbiI6IjEifQ==",
          "dependencies": [
            "module.dynamodb_user_sessions.aws_dynamodb_table.main",
            "module.dynamodb_user_sessions.aws_kms_key.dynamodb"
          ]
        }
      ]
    },
    {
      "module": "module.dynamodb_user_sessions",
      "mode": "managed",
      "type": "aws_dynamodb_contributor_insights",
      "name": "main",
      "provider": "provider[\"registry.terraform.io/hashicorp/aws\"]",
      "instances": []
    },
    {
      "module": "module.dynamodb_user_sessions",
      "mode": "managed",
      "type": "aws_dynamodb_global_table",
      "name": "main",
      "provider": "provider[\"registry.terraform.io/hashicorp/aws\"]",
      "instances": []
    },
    {
      "module": "module.dynamodb_user_sessions",
      "mode": "managed",
      "type": "aws_dynamodb_table",
      "name": "main",
      "provider": "provider[\"registry.terraform.io/hashicorp/aws\"]",
      "instances": [
        {
          "schema_version": 1,
          "attributes": {
            "arn": "arn:aws:dynamodb:ap-northeast-2:902597156026:table/user-sessions",
            "attribute": [
              {
                "name": "session_id",
                "type": "S"
              },
              {
                "name": "user_id",
                "type": "S"
              }
            ],
            "billing_mode": "PAY_PER_REQUEST",
            "deletion_protection_enabled": false,
            "global_secondary_index": [
              {
                "hash_key": "user_id",
                "name": "user-id-index",
                "non_key_attributes": [],
                "projection_type": "ALL",
                "range_key": "",
                "read_capacity": null,
                "write_capacity": null
              }
            ],
            "hash_key": "session_id",
            "id": "user-sessions",
            "import_table": [],
            "local_secondary_index": [],
            "name": "user-sessions",
            "point_in_time_recovery": [
              {
                "enabled": true
              }
            ],
            "range_key": null,
            "read_capacity": 0,
            "replica": [],
            "restore_date_time": null,
            "restore_source_name": null,
            "restore_to_latest_time": null,
            "server_side_encryption": [
              {
                "enabled": true,
                "kms_key_arn": "arn:aws:kms:ap-northeast-2:902597156026:key/04f5c404-47dc-4b7e-a6e2-b400961460c3"
              }
            ],
            "stream_arn": "",
            "stream_enabled": false,
            "stream_label": "",
            "stream_view_type": "",
            "table_class": "STANDARD",
            "tags": {
              "Component": "Database",
              "CostCenter": "default-cost-center",
              "DataType": "UserSessions",
              "ManagedBy": "Terraform",
              "Name": "user-sessions",
              "Owner": "DevSecOps Team",
              "Project": "dev-app",
              "Terraform": "true",
              "Type": "DynamoDB Table"
            },
            "tags_all": {
              "Component": "Database",
              "CostCenter": "default-cost-center",
              "DataType": "UserSessions",
              "Environment": "dev",
              "ManagedBy": "Terraform",
              "Name": "user-sessions",
              "Owner": "DevSecOps Team",
              "Project": "dev-app",
              "Terraform": "true",
              "Type": "DynamoDB Table"
            },
            "timeouts": null,
            "ttl": [
              {
                "attribute_name": "expires_at",
                "enabled": true
              }
            ],
            "write_capacity": 0
          },
          "sensitive_attributes": [],
          "identity_schema_version": 0,
          "private": "eyJlMmJmYjczMC1lY2FhLTExZTYtOGY4OC0zNDM2M2JjN2M0YzAiOnsiY3JlYXRlIjoxODAwMDAwMDAwMDAwLCJkZWxldGUiOjYwMDAwMDAwMDAwMCwidXBkYXRlIjozNjAwMDAwMDAwMDAwfSwic2NoZW1hX3ZlcnNpb24iOiIxIn0=",
          "dependencies": [
            "module.dynamodb_user_sessions.aws_kms_key.dynamodb"
          ]
        }
      ]
    },
    {
      "module": "module.dynamodb_user_sessions",
      "mode": "managed",
      "type": "aws_dynamodb_table_replica",
      "name": "main",
      "provider": "provider[\"registry.terraform.io/hashicorp/aws\"]",
      "instances": []
    },
    {
      "module": "module.dynamodb_user_sessions",
      "mode": "managed",
      "type": "aws_iam_role",
      "name": "dynamodb_access",
      "provider": "provider[\"registry.terraform.io/hashicorp/aws\"]",
      "instances": []
    },
    {
      "module": "module.dynamodb_user_sessions",
      "mode": "managed",
      "type": "aws_iam_role_policy",
      "name": "dynamodb_access",
      "provider": "provider[\"registry.terraform.io/hashicorp/aws\"]",
      "instances": []
    },
    {
      "module": "module.dynamodb_user_sessions",
      "mode": "managed",
      "type": "aws_kms_alias",
      "name": "dynamodb",
      "provider": "provider[\"registry.terraform.io/hashicorp/aws\"]",
      "instances": [
        {
          "index_key": 0,
          "schema_version": 0,
          "attributes": {
            "arn": "arn:aws:kms:ap-northeast-2:902597156026:alias/dev-app-user-sessions-dynamodb-test",
            "id": "alias/dev-app-user-sessions-dynamodb-test",
            "name": "alias/dev-app-user-sessions-dynamodb-test",
            "name_prefix": "",
            "target_key_arn": "arn:aws:kms:ap-northeast-2:902597156026:key/04f5c404-47dc-4b7e-a6e2-b400961460c3",
            "target_key_id": "04f5c404-47dc-4b7e-a6e2-b400961460c3"
          },
          "sensitive_attributes": [],
          "identity_schema_version": 0,
          "private": "bnVsbA==",
          "dependencies": [
            "module.dynamodb_user_sessions.aws_kms_key.dynamodb"
          ]
        }
      ]
    },
    {
      "module": "module.dynamodb_user_sessions",
      "mode": "managed",
      "type": "aws_kms_key",
      "name": "dynamodb",
      "provider": "provider[\"registry.terraform.io/hashicorp/aws\"]",
      "instances": [
        {
          "index_key": 0,
          "schema_version": 0,
          "attributes": {
            "arn": "arn:aws:kms:ap-northeast-2:902597156026:key/04f5c404-47dc-4b7e-a6e2-b400961460c3",
            "bypass_policy_lockout_safety_check": false,
            "custom_key_store_id": "",
            "customer_master_key_spec": "SYMMETRIC_DEFAULT",
            "deletion_window_in_days": 7,
            "description": "DynamoDB Table Encryption Key - dev-app",
            "enable_key_rotation": false,
            "id": "04f5c404-47dc-4b7e-a6e2-b400961460c3",
            "is_enabled": true,
            "key_id": "04f5c404-47dc-4b7e-a6e2-b400961460c3",
            "key_usage": "ENCRYPT_DECRYPT",
            "multi_region": false,
            "policy": "{\"Id\":\"key-default-1\",\"Statement\":[{\"Action\":\"kms:*\",\"Effect\":\"Allow\",\"Principal\":{\"AWS\":\"arn:aws:iam::902597156026:root\"},\"Resource\":\"*\",\"Sid\":\"Enable IAM User Permissions\"}],\"Version\":\"2012-10-17\"}",
            "tags": {
              "Component": "Database",
              "CostCenter": "default-cost-center",
              "DataType": "UserSessions",
              "ManagedBy": "Terraform",
              "Name": "dev-app-dynamodb-kms-key",
              "Owner": "DevSecOps Team",
              "Project": "dev-app",
              "Terraform": "true",
              "Use": "DynamoDB Encryption"
            },
            "tags_all": {
              "Component": "Database",
              "CostCenter": "default-cost-center",
              "DataType": "UserSessions",
              "Environment": "dev",
              "ManagedBy": "Terraform",
              "Name": "dev-app-dynamodb-kms-key",
              "Owner": "DevSecOps Team",
              "Project": "dev-app",
              "Terraform": "true",
              "Use": "DynamoDB Encryption"
            },
            "timeouts": null
          },
          "sensitive_attributes": [],
          "identity_schema_version": 0,
          "private": "eyJlMmJmYjczMC1lY2FhLTExZTYtOGY4OC0zNDM2M2JjN2M0YzAiOnsiY3JlYXRlIjoxMjAwMDAwMDAwMDB9fQ=="
        }
      ]
    },
    {
      "module": "module.s3",
      "mode": "data",
      "type": "aws_caller_identity",
      "name": "current",
      "provider": "provider[\"registry.terraform.io/hashicorp/aws\"]",
      "instances": [
        {
          "schema_version": 0,
          "attributes": {
            "account_id": "902597156026",
            "arn": "arn:aws:iam::902597156026:user/terraform-user",
            "id": "902597156026",
            "user_id": "AIDA5EJX3TS5MLKA4QNTP"
          },
          "sensitive_attributes": [],
          "identity_schema_version": 0
        }
      ]
    },
    {
      "module": "module.s3",
      "mode": "data",
      "type": "aws_region",
      "name": "current",
      "provider": "provider[\"registry.terraform.io/hashicorp/aws\"]",
      "instances": [
        {
          "schema_version": 0,
          "attributes": {
            "description": "Asia Pacific (Seoul)",
            "endpoint": "ec2.ap-northeast-2.amazonaws.com",
            "id": "ap-northeast-2",
            "name": "ap-northeast-2"
          },
          "sensitive_attributes": [],
          "identity_schema_version": 0
        }
      ]
    },
    {
      "module": "module.s3",
      "mode": "managed",
      "type": "aws_cloudwatch_metric_alarm",
      "name": "s3_bucket_size",
      "provider": "provider[\"registry.terraform.io/hashicorp/aws\"]",
      "instances": [
        {
          "index_key": 0,
          "schema_version": 1,
          "attributes": {
            "actions_enabled": true,
            "alarm_actions": null,
            "alarm_description": "This metric monitors S3 bucket size",
            "alarm_name": "dev-app-s3-bucket-size-0",
            "arn": "arn:aws:cloudwatch:ap-northeast-2:902597156026:alarm:dev-app-s3-bucket-size-0",
            "comparison_operator": "GreaterThanThreshold",
            "datapoints_to_alarm": 0,
            "dimensions": {
              "BucketName": "dev-app-logs-dev-1aaf3394",
              "StorageType": "StandardStorage"
            },
            "evaluate_low_sample_count_percentiles": "",
            "evaluation_periods": 2,
            "extended_statistic": "",
            "id": "dev-app-s3-bucket-size-0",
            "insufficient_data_actions": null,
            "metric_name": "BucketSizeBytes",
            "metric_query": [],
            "namespace": "AWS/S3",
            "ok_actions": null,
            "period": 86400,
            "statistic": "Average",
            "tags": {
              "Component": "Storage",
              "CostCenter": "default-cost-center",
              "ManagedBy": "Terraform",
              "Owner": "DevSecOps Team",
              "Project": "dev-app",
              "Terraform": "true"
            },
            "tags_all": {
              "Component": "Storage",
              "CostCenter": "default-cost-center",
              "Environment": "dev",
              "ManagedBy": "Terraform",
              "Owner": "DevSecOps Team",
              "Project": "dev-app",
              "Terraform": "true"
            },
            "threshold": 107374182400,
            "threshold_metric_id": "",
            "treat_missing_data": "missing",
            "unit": ""
          },
          "sensitive_attributes": [],
          "identity_schema_version": 0,
          "private": "eyJzY2hlbWFfdmVyc2lvbiI6IjEifQ==",
          "dependencies": [
            "module.s3.aws_s3_bucket.artifacts",
            "module.s3.aws_s3_bucket.backups",
            "module.s3.aws_s3_bucket.logs",
            "module.s3.random_id.bucket_suffix"
          ]
        },
        {
          "index_key": 1,
          "schema_version": 1,
          "attributes": {
            "actions_enabled": true,
            "alarm_actions": null,
            "alarm_description": "This metric monitors S3 bucket size",
            "alarm_name": "dev-app-s3-bucket-size-1",
            "arn": "arn:aws:cloudwatch:ap-northeast-2:902597156026:alarm:dev-app-s3-bucket-size-1",
            "comparison_operator": "GreaterThanThreshold",
            "datapoints_to_alarm": 0,
            "dimensions": {
              "BucketName": "dev-app-artifacts-dev-1aaf3394",
              "StorageType": "StandardStorage"
            },
            "evaluate_low_sample_count_percentiles": "",
            "evaluation_periods": 2,
            "extended_statistic": "",
            "id": "dev-app-s3-bucket-size-1",
            "insufficient_data_actions": null,
            "metric_name": "BucketSizeBytes",
            "metric_query": [],
            "namespace": "AWS/S3",
            "ok_actions": null,
            "period": 86400,
            "statistic": "Average",
            "tags": {
              "Component": "Storage",
              "CostCenter": "default-cost-center",
              "ManagedBy": "Terraform",
              "Owner": "DevSecOps Team",
              "Project": "dev-app",
              "Terraform": "true"
            },
            "tags_all": {
              "Component": "Storage",
              "CostCenter": "default-cost-center",
              "Environment": "dev",
              "ManagedBy": "Terraform",
              "Owner": "DevSecOps Team",
              "Project": "dev-app",
              "Terraform": "true"
            },
            "threshold": 107374182400,
            "threshold_metric_id": "",
            "treat_missing_data": "missing",
            "unit": ""
          },
          "sensitive_attributes": [],
          "identity_schema_version": 0,
          "private": "eyJzY2hlbWFfdmVyc2lvbiI6IjEifQ==",
          "dependencies": [
            "module.s3.aws_s3_bucket.artifacts",
            "module.s3.aws_s3_bucket.backups",
            "module.s3.aws_s3_bucket.logs",
            "module.s3.random_id.bucket_suffix"
          ]
        },
        {
          "index_key": 2,
          "schema_version": 1,
          "attributes": {
            "actions_enabled": true,
            "alarm_actions": null,
            "alarm_description": "This metric monitors S3 bucket size",
            "alarm_name": "dev-app-s3-bucket-size-2",
            "arn": "arn:aws:cloudwatch:ap-northeast-2:902597156026:alarm:dev-app-s3-bucket-size-2",
            "comparison_operator": "GreaterThanThreshold",
            "datapoints_to_alarm": 0,
            "dimensions": {
              "BucketName": "dev-app-backups-dev-1aaf3394",
              "StorageType": "StandardStorage"
            },
            "evaluate_low_sample_count_percentiles": "",
            "evaluation_periods": 2,
            "extended_statistic": "",
            "id": "dev-app-s3-bucket-size-2",
            "insufficient_data_actions": null,
            "metric_name": "BucketSizeBytes",
            "metric_query": [],
            "namespace": "AWS/S3",
            "ok_actions": null,
            "period": 86400,
            "statistic": "Average",
            "tags": {
              "Component": "Storage",
              "CostCenter": "default-cost-center",
              "ManagedBy": "Terraform",
              "Owner": "DevSecOps Team",
              "Project": "dev-app",
              "Terraform": "true"
            },
            "tags_all": {
              "Component": "Storage",
              "CostCenter": "default-cost-center",
              "Environment": "dev",
              "ManagedBy": "Terraform",
              "Owner": "DevSecOps Team",
              "Project": "dev-app",
              "Terraform": "true"
            },
            "threshold": 107374182400,
            "threshold_metric_id": "",
            "treat_missing_data": "missing",
            "unit": ""
          },
          "sensitive_attributes": [],
          "identity_schema_version": 0,
          "private": "eyJzY2hlbWFfdmVyc2lvbiI6IjEifQ==",
          "dependencies": [
            "module.s3.aws_s3_bucket.artifacts",
            "module.s3.aws_s3_bucket.backups",
            "module.s3.aws_s3_bucket.logs",
            "module.s3.random_id.bucket_suffix"
          ]
        }
      ]
    },
    {
      "module": "module.s3",
      "mode": "managed",
      "type": "aws_kms_alias",
      "name": "s3",
      "provider": "provider[\"registry.terraform.io/hashicorp/aws\"]",
      "instances": [
        {
          "index_key": 0,
          "schema_version": 0,
          "attributes": {
            "arn": "arn:aws:kms:ap-northeast-2:902597156026:alias/dev-app-s3-test",
            "id": "alias/dev-app-s3-test",
            "name": "alias/dev-app-s3-test",
            "name_prefix": "",
            "target_key_arn": "arn:aws:kms:ap-northeast-2:902597156026:key/88faccaa-82fc-4dc1-9183-6f4eab39ef7f",
            "target_key_id": "88faccaa-82fc-4dc1-9183-6f4eab39ef7f"
          },
          "sensitive_attributes": [],
          "identity_schema_version": 0,
          "private": "bnVsbA==",
          "dependencies": [
            "module.s3.aws_kms_key.s3"
          ]
        }
      ]
    },
    {
      "module": "module.s3",
      "mode": "managed",
      "type": "aws_kms_key",
      "name": "s3",
      "provider": "provider[\"registry.terraform.io/hashicorp/aws\"]",
      "instances": [
        {
          "index_key": 0,
          "schema_version": 0,
          "attributes": {
            "arn": "arn:aws:kms:ap-northeast-2:902597156026:key/88faccaa-82fc-4dc1-9183-6f4eab39ef7f",
            "bypass_policy_lockout_safety_check": false,
            "custom_key_store_id": "",
            "customer_master_key_spec": "SYMMETRIC_DEFAULT",
            "deletion_window_in_days": 7,
            "description": "S3 Bucket Encryption Key - dev-app",
            "enable_key_rotation": false,
            "id": "88faccaa-82fc-4dc1-9183-6f4eab39ef7f",
            "is_enabled": true,
            "key_id": "88faccaa-82fc-4dc1-9183-6f4eab39ef7f",
            "key_usage": "ENCRYPT_DECRYPT",
            "multi_region": false,
            "policy": "{\"Id\":\"key-default-1\",\"Statement\":[{\"Action\":\"kms:*\",\"Effect\":\"Allow\",\"Principal\":{\"AWS\":\"arn:aws:iam::902597156026:root\"},\"Resource\":\"*\",\"Sid\":\"Enable IAM User Permissions\"}],\"Version\":\"2012-10-17\"}",
            "tags": {
              "Component": "Storage",
              "CostCenter": "default-cost-center",
              "ManagedBy": "Terraform",
              "Name": "dev-app-s3-kms-key",
              "Owner": "DevSecOps Team",
              "Project": "dev-app",
              "Terraform": "true",
              "Use": "S3 Bucket Encryption"
            },
            "tags_all": {
              "Component": "Storage",
              "CostCenter": "default-cost-center",
              "Environment": "dev",
              "ManagedBy": "Terraform",
              "Name": "dev-app-s3-kms-key",
              "Owner": "DevSecOps Team",
              "Project": "dev-app",
              "Terraform": "true",
              "Use": "S3 Bucket Encryption"
            },
            "timeouts": null
          },
          "sensitive_attributes": [],
          "identity_schema_version": 0,
          "private": "eyJlMmJmYjczMC1lY2FhLTExZTYtOGY4OC0zNDM2M2JjN2M0YzAiOnsiY3JlYXRlIjoxMjAwMDAwMDAwMDB9fQ=="
        }
      ]
    },
    {
      "module": "module.s3",
      "mode": "managed",
      "type": "aws_s3_bucket",
      "name": "access_logs",
      "provider": "provider[\"registry.terraform.io/hashicorp/aws\"]",
      "instances": [
        {
          "index_key": 0,
          "schema_version": 0,
          "attributes": {
            "acceleration_status": "",
            "acl": null,
            "arn": "arn:aws:s3:::dev-app-access-logs-dev-1aaf3394",
            "bucket": "dev-app-access-logs-dev-1aaf3394",
            "bucket_domain_name": "dev-app-access-logs-dev-1aaf3394.s3.amazonaws.com",
            "bucket_prefix": "",
            "bucket_regional_domain_name": "dev-app-access-logs-dev-1aaf3394.s3.ap-northeast-2.amazonaws.com",
            "cors_rule": [],
            "force_destroy": false,
            "grant": [
              {
                "id": "7182eedcd1edfcc1ae91b5ab4411b610cd7f75e4abde8d69c61b8b698f79fd11",
                "permissions": [
                  "FULL_CONTROL"
                ],
                "type": "CanonicalUser",
                "uri": ""
              }
            ],
            "hosted_zone_id": "Z3W03O7B5YMIYP",
            "id": "dev-app-access-logs-dev-1aaf3394",
            "lifecycle_rule": [],
            "logging": [],
            "object_lock_configuration": [],
            "object_lock_enabled": false,
            "policy": "",
            "region": "ap-northeast-2",
            "replication_configuration": [],
            "request_payer": "BucketOwner",
            "server_side_encryption_configuration": [
              {
                "rule": [
                  {
                    "apply_server_side_encryption_by_default": [
                      {
                        "kms_master_key_id": "",
                        "sse_algorithm": "AES256"
                      }
                    ],
                    "bucket_key_enabled": false
                  }
                ]
              }
            ],
            "tags": {
              "Component": "Storage",
              "CostCenter": "default-cost-center",
              "ManagedBy": "Terraform",
              "Name": "dev-app-access-logs-bucket",
              "Owner": "DevSecOps Team",
              "Project": "dev-app",
              "Purpose": "S3 Access Logs",
              "Terraform": "true",
              "Type": "Audit Logs"
            },
            "tags_all": {
              "Component": "Storage",
              "CostCenter": "default-cost-center",
              "Environment": "dev",
              "ManagedBy": "Terraform",
              "Name": "dev-app-access-logs-bucket",
              "Owner": "DevSecOps Team",
              "Project": "dev-app",
              "Purpose": "S3 Access Logs",
              "Terraform": "true",
              "Type": "Audit Logs"
            },
            "timeouts": null,
            "versioning": [
              {
                "enabled": false,
                "mfa_delete": false
              }
            ],
            "website": [],
            "website_domain": null,
            "website_endpoint": null
          },
          "sensitive_attributes": [],
          "identity_schema_version": 0,
          "private": "eyJlMmJmYjczMC1lY2FhLTExZTYtOGY4OC0zNDM2M2JjN2M0YzAiOnsiY3JlYXRlIjoxMjAwMDAwMDAwMDAwLCJkZWxldGUiOjM2MDAwMDAwMDAwMDAsInJlYWQiOjEyMDAwMDAwMDAwMDAsInVwZGF0ZSI6MTIwMDAwMDAwMDAwMH19",
          "dependencies": [
            "module.s3.random_id.bucket_suffix"
          ]
        }
      ]
    },
    {
      "module": "module.s3",
      "mode": "managed",
      "type": "aws_s3_bucket",
      "name": "artifacts",
      "provider": "provider[\"registry.terraform.io/hashicorp/aws\"]",
      "instances": [
        {
          "index_key": 0,
          "schema_version": 0,
          "attributes": {
            "acceleration_status": "",
            "acl": null,
            "arn": "arn:aws:s3:::dev-app-artifacts-dev-1aaf3394",
            "bucket": "dev-app-artifacts-dev-1aaf3394",
            "bucket_domain_name": "dev-app-artifacts-dev-1aaf3394.s3.amazonaws.com",
            "bucket_prefix": "",
            "bucket_regional_domain_name": "dev-app-artifacts-dev-1aaf3394.s3.ap-northeast-2.amazonaws.com",
            "cors_rule": [],
            "force_destroy": false,
            "grant": [
              {
                "id": "7182eedcd1edfcc1ae91b5ab4411b610cd7f75e4abde8d69c61b8b698f79fd11",
                "permissions": [
                  "FULL_CONTROL"
                ],
                "type": "CanonicalUser",
                "uri": ""
              }
            ],
            "hosted_zone_id": "Z3W03O7B5YMIYP",
            "id": "dev-app-artifacts-dev-1aaf3394",
            "lifecycle_rule": [],
            "logging": [],
            "object_lock_configuration": [],
            "object_lock_enabled": false,
            "policy": "",
            "region": "ap-northeast-2",
            "replication_configuration": [],
            "request_payer": "BucketOwner",
            "server_side_encryption_configuration": [
              {
                "rule": [
                  {
                    "apply_server_side_encryption_by_default": [
                      {
                        "kms_master_key_id": "",
                        "sse_algorithm": "AES256"
                      }
                    ],
                    "bucket_key_enabled": false
                  }
                ]
              }
            ],
            "tags": {
              "Component": "Storage",
              "CostCenter": "default-cost-center",
              "ManagedBy": "Terraform",
              "Name": "dev-app-artifacts-bucket",
              "Owner": "DevSecOps Team",
              "Project": "dev-app",
              "Purpose": "Build Artifacts",
              "Terraform": "true",
              "Type": "Application Data"
            },
            "tags_all": {
              "Component": "Storage",
              "CostCenter": "default-cost-center",
              "Environment": "dev",
              "ManagedBy": "Terraform",
              "Name": "dev-app-artifacts-bucket",
              "Owner": "DevSecOps Team",
              "Project": "dev-app",
              "Purpose": "Build Artifacts",
              "Terraform": "true",
              "Type": "Application Data"
            },
            "timeouts": null,
            "versioning": [
              {
                "enabled": false,
                "mfa_delete": false
              }
            ],
            "website": [],
            "website_domain": null,
            "website_endpoint": null
          },
          "sensitive_attributes": [],
          "identity_schema_version": 0,
          "private": "eyJlMmJmYjczMC1lY2FhLTExZTYtOGY4OC0zNDM2M2JjN2M0YzAiOnsiY3JlYXRlIjoxMjAwMDAwMDAwMDAwLCJkZWxldGUiOjM2MDAwMDAwMDAwMDAsInJlYWQiOjEyMDAwMDAwMDAwMDAsInVwZGF0ZSI6MTIwMDAwMDAwMDAwMH19",
          "dependencies": [
            "module.s3.random_id.bucket_suffix"
          ]
        }
      ]
    },
    {
      "module": "module.s3",
      "mode": "managed",
      "type": "aws_s3_bucket",
      "name": "backups",
      "provider": "provider[\"registry.terraform.io/hashicorp/aws\"]",
      "instances": [
        {
          "index_key": 0,
          "schema_version": 0,
          "attributes": {
            "acceleration_status": "",
            "acl": null,
            "arn": "arn:aws:s3:::dev-app-backups-dev-1aaf3394",
            "bucket": "dev-app-backups-dev-1aaf3394",
            "bucket_domain_name": "dev-app-backups-dev-1aaf3394.s3.amazonaws.com",
            "bucket_prefix": "",
            "bucket_regional_domain_name": "dev-app-backups-dev-1aaf3394.s3.ap-northeast-2.amazonaws.com",
            "cors_rule": [],
            "force_destroy": false,
            "grant": [
              {
                "id": "7182eedcd1edfcc1ae91b5ab4411b610cd7f75e4abde8d69c61b8b698f79fd11",
                "permissions": [
                  "FULL_CONTROL"
                ],
                "type": "CanonicalUser",
                "uri": ""
              }
            ],
            "hosted_zone_id": "Z3W03O7B5YMIYP",
            "id": "dev-app-backups-dev-1aaf3394",
            "lifecycle_rule": [],
            "logging": [],
            "object_lock_configuration": [],
            "object_lock_enabled": false,
            "policy": "",
            "region": "ap-northeast-2",
            "replication_configuration": [],
            "request_payer": "BucketOwner",
            "server_side_encryption_configuration": [
              {
                "rule": [
                  {
                    "apply_server_side_encryption_by_default": [
                      {
                        "kms_master_key_id": "",
                        "sse_algorithm": "AES256"
                      }
                    ],
                    "bucket_key_enabled": false
                  }
                ]
              }
            ],
            "tags": {
              "Component": "Storage",
              "CostCenter": "default-cost-center",
              "ManagedBy": "Terraform",
              "Name": "dev-app-backups-bucket",
              "Owner": "DevSecOps Team",
              "Project": "dev-app",
              "Purpose": "Database Backups",
              "Terraform": "true",
              "Type": "Backup Data"
            },
            "tags_all": {
              "Component": "Storage",
              "CostCenter": "default-cost-center",
              "Environment": "dev",
              "ManagedBy": "Terraform",
              "Name": "dev-app-backups-bucket",
              "Owner": "DevSecOps Team",
              "Project": "dev-app",
              "Purpose": "Database Backups",
              "Terraform": "true",
              "Type": "Backup Data"
            },
            "timeouts": null,
            "versioning": [
              {
                "enabled": false,
                "mfa_delete": false
              }
            ],
            "website": [],
            "website_domain": null,
            "website_endpoint": null
          },
          "sensitive_attributes": [],
          "identity_schema_version": 0,
          "private": "eyJlMmJmYjczMC1lY2FhLTExZTYtOGY4OC0zNDM2M2JjN2M0YzAiOnsiY3JlYXRlIjoxMjAwMDAwMDAwMDAwLCJkZWxldGUiOjM2MDAwMDAwMDAwMDAsInJlYWQiOjEyMDAwMDAwMDAwMDAsInVwZGF0ZSI6MTIwMDAwMDAwMDAwMH19",
          "dependencies": [
            "module.s3.random_id.bucket_suffix"
          ]
        }
      ]
    },
    {
      "module": "module.s3",
      "mode": "managed",
      "type": "aws_s3_bucket",
      "name": "logs",
      "provider": "provider[\"registry.terraform.io/hashicorp/aws\"]",
      "instances": [
        {
          "schema_version": 0,
          "attributes": {
            "acceleration_status": "",
            "acl": null,
            "arn": "arn:aws:s3:::dev-app-logs-dev-1aaf3394",
            "bucket": "dev-app-logs-dev-1aaf3394",
            "bucket_domain_name": "dev-app-logs-dev-1aaf3394.s3.amazonaws.com",
            "bucket_prefix": "",
            "bucket_regional_domain_name": "dev-app-logs-dev-1aaf3394.s3.ap-northeast-2.amazonaws.com",
            "cors_rule": [],
            "force_destroy": false,
            "grant": [
              {
                "id": "7182eedcd1edfcc1ae91b5ab4411b610cd7f75e4abde8d69c61b8b698f79fd11",
                "permissions": [
                  "FULL_CONTROL"
                ],
                "type": "CanonicalUser",
                "uri": ""
              }
            ],
            "hosted_zone_id": "Z3W03O7B5YMIYP",
            "id": "dev-app-logs-dev-1aaf3394",
            "lifecycle_rule": [],
            "logging": [],
            "object_lock_configuration": [],
            "object_lock_enabled": false,
            "policy": "",
            "region": "ap-northeast-2",
            "replication_configuration": [],
            "request_payer": "BucketOwner",
            "server_side_encryption_configuration": [
              {
                "rule": [
                  {
                    "apply_server_side_encryption_by_default": [
                      {
                        "kms_master_key_id": "",
                        "sse_algorithm": "AES256"
                      }
                    ],
                    "bucket_key_enabled": false
                  }
                ]
              }
            ],
            "tags": {
              "Component": "Storage",
              "CostCenter": "default-cost-center",
              "ManagedBy": "Terraform",
              "Name": "dev-app-logs-bucket",
              "Owner": "DevSecOps Team",
              "Project": "dev-app",
              "Purpose": "Log Storage",
              "Terraform": "true",
              "Type": "Security Logs"
            },
            "tags_all": {
              "Component": "Storage",
              "CostCenter": "default-cost-center",
              "Environment": "dev",
              "ManagedBy": "Terraform",
              "Name": "dev-app-logs-bucket",
              "Owner": "DevSecOps Team",
              "Project": "dev-app",
              "Purpose": "Log Storage",
              "Terraform": "true",
              "Type": "Security Logs"
            },
            "timeouts": null,
            "versioning": [
              {
                "enabled": false,
                "mfa_delete": false
              }
            ],
            "website": [],
            "website_domain": null,
            "website_endpoint": null
          },
          "sensitive_attributes": [],
          "identity_schema_version": 0,
          "private": "eyJlMmJmYjczMC1lY2FhLTExZTYtOGY4OC0zNDM2M2JjN2M0YzAiOnsiY3JlYXRlIjoxMjAwMDAwMDAwMDAwLCJkZWxldGUiOjM2MDAwMDAwMDAwMDAsInJlYWQiOjEyMDAwMDAwMDAwMDAsInVwZGF0ZSI6MTIwMDAwMDAwMDAwMH19",
          "dependencies": [
            "module.s3.random_id.bucket_suffix"
          ]
        }
      ]
    },
    {
      "module": "module.s3",
      "mode": "managed",
      "type": "aws_s3_bucket_lifecycle_configuration",
      "name": "artifacts",
      "provider": "provider[\"registry.terraform.io/hashicorp/aws\"]",
      "instances": [
        {
          "index_key": 0,
          "schema_version": 0,
          "attributes": {
            "bucket": "dev-app-artifacts-dev-1aaf3394",
            "expected_bucket_owner": "",
            "id": "dev-app-artifacts-dev-1aaf3394",
            "rule": [
              {
                "abort_incomplete_multipart_upload": [
                  {
                    "days_after_initiation": 7
                  }
                ],
                "expiration": [
                  {
                    "date": "",
                    "days": 365,
                    "expired_object_delete_marker": false
                  }
                ],
                "filter": [
                  {
                    "and": [],
                    "object_size_greater_than": "",
                    "object_size_less_than": "",
                    "prefix": "",
                    "tag": []
                  }
                ],
                "id": "artifact_lifecycle",
                "noncurrent_version_expiration": [],
                "noncurrent_version_transition": [],
                "prefix": "",
                "status": "Enabled",
                "transition": [
                  {
                    "date": "",
                    "days": 180,
                    "storage_class": "GLACIER"
                  },
                  {
                    "date": "",
                    "days": 90,
                    "storage_class": "STANDARD_IA"
                  }
                ]
              }
            ],
            "timeouts": null
          },
          "sensitive_attributes": [],
          "identity_schema_version": 0,
          "private": "eyJlMmJmYjczMC1lY2FhLTExZTYtOGY4OC0zNDM2M2JjN2M0YzAiOnsiY3JlYXRlIjoxODAwMDAwMDAwMDAsInVwZGF0ZSI6MTgwMDAwMDAwMDAwfX0=",
          "dependencies": [
            "module.s3.aws_s3_bucket.artifacts",
            "module.s3.random_id.bucket_suffix"
          ]
        }
      ]
    },
    {
      "module": "module.s3",
      "mode": "managed",
      "type": "aws_s3_bucket_lifecycle_configuration",
      "name": "backups",
      "provider": "provider[\"registry.terraform.io/hashicorp/aws\"]",
      "instances": [
        {
          "index_key": 0,
          "schema_version": 0,
          "attributes": {
            "bucket": "dev-app-backups-dev-1aaf3394",
            "expected_bucket_owner": "",
            "id": "dev-app-backups-dev-1aaf3394",
            "rule": [
              {
                "abort_incomplete_multipart_upload": [
                  {
                    "days_after_initiation": 7
                  }
                ],
                "expiration": [
                  {
                    "date": "",
                    "days": 2555,
                    "expired_object_delete_marker": false
                  }
                ],
                "filter": [
                  {
                    "and": [],
                    "object_size_greater_than": "",
                    "object_size_less_than": "",
                    "prefix": "",
                    "tag": []
                  }
                ],
                "id": "backup_lifecycle",
                "noncurrent_version_expiration": [],
                "noncurrent_version_transition": [],
                "prefix": "",
                "status": "Enabled",
                "transition": [
                  {
                    "date": "",
                    "days": 30,
                    "storage_class": "STANDARD_IA"
                  },
                  {
                    "date": "",
                    "days": 365,
                    "storage_class": "DEEP_ARCHIVE"
                  },
                  {
                    "date": "",
                    "days": 90,
                    "storage_class": "GLACIER"
                  }
                ]
              }
            ],
            "timeouts": null
          },
          "sensitive_attributes": [],
          "identity_schema_version": 0,
          "private": "eyJlMmJmYjczMC1lY2FhLTExZTYtOGY4OC0zNDM2M2JjN2M0YzAiOnsiY3JlYXRlIjoxODAwMDAwMDAwMDAsInVwZGF0ZSI6MTgwMDAwMDAwMDAwfX0=",
          "dependencies": [
            "module.s3.aws_s3_bucket.backups",
            "module.s3.random_id.bucket_suffix"
          ]
        }
      ]
    },
    {
      "module": "module.s3",
      "mode": "managed",
      "type": "aws_s3_bucket_lifecycle_configuration",
      "name": "logs",
      "provider": "provider[\"registry.terraform.io/hashicorp/aws\"]",
      "instances": [
        {
          "schema_version": 0,
          "attributes": {
            "bucket": "dev-app-logs-dev-1aaf3394",
            "expected_bucket_owner": "",
            "id": "dev-app-logs-dev-1aaf3394",
            "rule": [
              {
                "abort_incomplete_multipart_upload": [
                  {
                    "days_after_initiation": 7
                  }
                ],
                "expiration": [
                  {
                    "date": "",
                    "days": 365,
                    "expired_object_delete_marker": false
                  }
                ],
                "filter": [
                  {
                    "and": [],
                    "object_size_greater_than": "",
                    "object_size_less_than": "",
                    "prefix": "",
                    "tag": []
                  }
                ],
                "id": "log_lifecycle",
                "noncurrent_version_expiration": [
                  {
                    "newer_noncurrent_versions": "",
                    "noncurrent_days": 90
                  }
                ],
                "noncurrent_version_transition": [
                  {
                    "newer_noncurrent_versions": "",
                    "noncurrent_days": 30,
                    "storage_class": "STANDARD_IA"
                  },
                  {
                    "newer_noncurrent_versions": "",
                    "noncurrent_days": 60,
                    "storage_class": "GLACIER"
                  }
                ],
                "prefix": "",
                "status": "Enabled",
                "transition": [
                  {
                    "date": "",
                    "days": 180,
                    "storage_class": "DEEP_ARCHIVE"
                  },
                  {
                    "date": "",
                    "days": 30,
                    "storage_class": "STANDARD_IA"
                  },
                  {
                    "date": "",
                    "days": 90,
                    "storage_class": "GLACIER"
                  }
                ]
              }
            ],
            "timeouts": null
          },
          "sensitive_attributes": [],
          "identity_schema_version": 0,
          "private": "eyJlMmJmYjczMC1lY2FhLTExZTYtOGY4OC0zNDM2M2JjN2M0YzAiOnsiY3JlYXRlIjoxODAwMDAwMDAwMDAsInVwZGF0ZSI6MTgwMDAwMDAwMDAwfX0=",
          "dependencies": [
            "module.s3.aws_s3_bucket.logs",
            "module.s3.random_id.bucket_suffix"
          ]
        }
      ]
    },
    {
      "module": "module.s3",
      "mode": "managed",
      "type": "aws_s3_bucket_logging",
      "name": "artifacts",
      "provider": "provider[\"registry.terraform.io/hashicorp/aws\"]",
      "instances": [
        {
          "index_key": 0,
          "schema_version": 0,
          "attributes": {
            "bucket": "dev-app-artifacts-dev-1aaf3394",
            "expected_bucket_owner": "",
            "id": "dev-app-artifacts-dev-1aaf3394",
            "target_bucket": "dev-app-access-logs-dev-1aaf3394",
            "target_grant": [],
            "target_object_key_format": [],
            "target_prefix": "artifacts-bucket-access/"
          },
          "sensitive_attributes": [],
          "identity_schema_version": 0,
          "private": "bnVsbA==",
          "dependencies": [
            "module.s3.aws_s3_bucket.access_logs",
            "module.s3.aws_s3_bucket.artifacts",
            "module.s3.random_id.bucket_suffix"
          ]
        }
      ]
    },
    {
      "module": "module.s3",
      "mode": "managed",
      "type": "aws_s3_bucket_logging",
      "name": "backups",
      "provider": "provider[\"registry.terraform.io/hashicorp/aws\"]",
      "instances": [
        {
          "index_key": 0,
          "schema_version": 0,
          "attributes": {
            "bucket": "dev-app-backups-dev-1aaf3394",
            "expected_bucket_owner": "",
            "id": "dev-app-backups-dev-1aaf3394",
            "target_bucket": "dev-app-access-logs-dev-1aaf3394",
            "target_grant": [],
            "target_object_key_format": [],
            "target_prefix": "backups-bucket-access/"
          },
          "sensitive_attributes": [],
          "identity_schema_version": 0,
          "private": "bnVsbA==",
          "dependencies": [
            "module.s3.aws_s3_bucket.access_logs",
            "module.s3.aws_s3_bucket.backups",
            "module.s3.random_id.bucket_suffix"
          ]
        }
      ]
    },
    {
      "module": "module.s3",
      "mode": "managed",
      "type": "aws_s3_bucket_logging",
      "name": "logs",
      "provider": "provider[\"registry.terraform.io/hashicorp/aws\"]",
      "instances": [
        {
          "index_key": 0,
          "schema_version": 0,
          "attributes": {
            "bucket": "dev-app-logs-dev-1aaf3394",
            "expected_bucket_owner": "",
            "id": "dev-app-logs-dev-1aaf3394",
            "target_bucket": "dev-app-access-logs-dev-1aaf3394",
            "target_grant": [],
            "target_object_key_format": [],
            "target_prefix": "logs-bucket-access/"
          },
          "sensitive_attributes": [],
          "identity_schema_version": 0,
          "private": "bnVsbA==",
          "dependencies": [
            "module.s3.aws_s3_bucket.access_logs",
            "module.s3.aws_s3_bucket.logs",
            "module.s3.random_id.bucket_suffix"
          ]
        }
      ]
    },
    {
      "module": "module.s3",
      "mode": "managed",
      "type": "aws_s3_bucket_notification",
      "name": "artifacts_notification",
      "provider": "provider[\"registry.terraform.io/hashicorp/aws\"]",
      "instances": [
        {
          "index_key": 0,
          "schema_version": 0,
          "attributes": {
            "bucket": "dev-app-artifacts-dev-1aaf3394",
            "eventbridge": true,
            "id": "dev-app-artifacts-dev-1aaf3394",
            "lambda_function": [],
            "queue": [],
            "topic": []
          },
          "sensitive_attributes": [],
          "identity_schema_version": 0,
          "private": "bnVsbA==",
          "dependencies": [
            "module.s3.aws_s3_bucket.artifacts",
            "module.s3.random_id.bucket_suffix"
          ]
        }
      ]
    },
    {
      "module": "module.s3",
      "mode": "managed",
      "type": "aws_s3_bucket_notification",
      "name": "logs_notification",
      "provider": "provider[\"registry.terraform.io/hashicorp/aws\"]",
      "instances": [
        {
          "index_key": 0,
          "schema_version": 0,
          "attributes": {
            "bucket": "dev-app-logs-dev-1aaf3394",
            "eventbridge": true,
            "id": "dev-app-logs-dev-1aaf3394",
            "lambda_function": [],
            "queue": [],
            "topic": []
          },
          "sensitive_attributes": [],
          "identity_schema_version": 0,
          "private": "bnVsbA==",
          "dependencies": [
            "module.s3.aws_s3_bucket.logs",
            "module.s3.random_id.bucket_suffix"
          ]
        }
      ]
    },
    {
      "module": "module.s3",
      "mode": "managed",
      "type": "aws_s3_bucket_policy",
      "name": "config_policy",
      "provider": "provider[\"registry.terraform.io/hashicorp/aws\"]",
      "instances": [
        {
          "schema_version": 0,
          "attributes": {
            "bucket": "dev-app-logs-dev-1aaf3394",
            "id": "dev-app-logs-dev-1aaf3394",
            "policy": "{\"Statement\":[{\"Action\":\"s3:GetBucketAcl\",\"Effect\":\"Allow\",\"Principal\":{\"Service\":\"config.amazonaws.com\"},\"Resource\":\"arn:aws:s3:::dev-app-logs-dev-1aaf3394\",\"Sid\":\"AWSConfigBucketPermissionsCheck\"},{\"Action\":\"s3:ListBucket\",\"Effect\":\"Allow\",\"Principal\":{\"Service\":\"config.amazonaws.com\"},\"Resource\":\"arn:aws:s3:::dev-app-logs-dev-1aaf3394\",\"Sid\":\"AWSConfigBucketExistenceCheck\"},{\"Action\":\"s3:PutObject\",\"Condition\":{\"StringEquals\":{\"s3:x-amz-acl\":\"bucket-owner-full-control\"}},\"Effect\":\"Allow\",\"Principal\":{\"Service\":\"config.amazonaws.com\"},\"Resource\":\"arn:aws:s3:::dev-app-logs-dev-1aaf3394/aws-config/*\",\"Sid\":\"AWSConfigBucketDelivery\"}],\"Version\":\"2012-10-17\"}"
          },
          "sensitive_attributes": [],
          "identity_schema_version": 0,
          "private": "bnVsbA==",
          "dependencies": [
            "module.s3.aws_s3_bucket.logs",
            "module.s3.random_id.bucket_suffix"
          ]
        }
      ]
    },
    {
      "module": "module.s3",
      "mode": "managed",
      "type": "aws_s3_bucket_policy",
      "name": "logs",
      "provider": "provider[\"registry.terraform.io/hashicorp/aws\"]",
      "instances": [
        {
          "schema_version": 0,
          "attributes": {
            "bucket": "dev-app-logs-dev-1aaf3394",
            "id": "dev-app-logs-dev-1aaf3394",
            "policy": "{\"Statement\":[{\"Action\":\"s3:GetBucketAcl\",\"Condition\":{\"StringEquals\":{\"AWS:SourceArn\":\"arn:aws:cloudtrail:ap-northeast-2:902597156026:trail/dev-app-cloudtrail\"}},\"Effect\":\"Allow\",\"Principal\":{\"Service\":\"cloudtrail.amazonaws.com\"},\"Resource\":\"arn:aws:s3:::dev-app-logs-dev-1aaf3394\",\"Sid\":\"AWSCloudTrailAclCheck\"},{\"Action\":\"s3:GetBucketLocation\",\"Condition\":{\"StringEquals\":{\"AWS:SourceArn\":\"arn:aws:cloudtrail:ap-northeast-2:902597156026:trail/dev-app-cloudtrail\"}},\"Effect\":\"Allow\",\"Principal\":{\"Service\":\"cloudtrail.amazonaws.com\"},\"Resource\":\"arn:aws:s3:::dev-app-logs-dev-1aaf3394\",\"Sid\":\"AWSCloudTrailGetBucketLocation\"},{\"Action\":\"s3:PutObject\",\"Condition\":{\"StringEquals\":{\"AWS:SourceArn\":\"arn:aws:cloudtrail:ap-northeast-2:902597156026:trail/dev-app-cloudtrail\",\"s3:x-amz-acl\":\"bucket-owner-full-control\"}},\"Effect\":\"Allow\",\"Principal\":{\"Service\":\"cloudtrail.amazonaws.com\"},\"Resource\":\"arn:aws:s3:::dev-app-logs-dev-1aaf3394/cloudtrail/*\",\"Sid\":\"AWSCloudTrailWrite\"},{\"Action\":\"s3:PutObject\",\"Condition\":{\"StringEquals\":{\"s3:x-amz-acl\":\"bucket-owner-full-control\"}},\"Effect\":\"Allow\",\"Principal\":{\"Service\":\"delivery.logs.amazonaws.com\"},\"Resource\":\"arn:aws:s3:::dev-app-logs-dev-1aaf3394/aws-logs/*\",\"Sid\":\"AWSLogDeliveryWrite\"},{\"Action\":\"s3:GetBucketAcl\",\"Effect\":\"Allow\",\"Principal\":{\"Service\":\"delivery.logs.amazonaws.com\"},\"Resource\":\"arn:aws:s3:::dev-app-logs-dev-1aaf3394\",\"Sid\":\"AWSLogDeliveryAclCheck\"},{\"Action\":\"s3:PutObject\",\"Condition\":{\"StringEquals\":{\"s3:x-amz-acl\":\"bucket-owner-full-control\"}},\"Effect\":\"Allow\",\"Principal\":{\"Service\":\"delivery.logs.amazonaws.com\"},\"Resource\":\"arn:aws:s3:::dev-app-logs-dev-1aaf3394/vpc-flow-logs/*\",\"Sid\":\"VPCFlowLogsDeliveryRolePolicy\"}],\"Version\":\"2012-10-17\"}"
          },
          "sensitive_attributes": [],
          "identity_schema_version": 0,
          "private": "bnVsbA==",
          "dependencies": [
            "module.s3.aws_s3_bucket.logs",
            "module.s3.data.aws_caller_identity.current",
            "module.s3.data.aws_region.current",
            "module.s3.random_id.bucket_suffix"
          ]
        }
      ]
    },
    {
      "module": "module.s3",
      "mode": "managed",
      "type": "aws_s3_bucket_public_access_block",
      "name": "access_logs",
      "provider": "provider[\"registry.terraform.io/hashicorp/aws\"]",
      "instances": [
        {
          "index_key": 0,
          "schema_version": 0,
          "attributes": {
            "block_public_acls": true,
            "block_public_policy": true,
            "bucket": "dev-app-access-logs-dev-1aaf3394",
            "id": "dev-app-access-logs-dev-1aaf3394",
            "ignore_public_acls": true,
            "restrict_public_buckets": true
          },
          "sensitive_attributes": [],
          "identity_schema_version": 0,
          "private": "bnVsbA==",
          "dependencies": [
            "module.s3.aws_s3_bucket.access_logs",
            "module.s3.random_id.bucket_suffix"
          ]
        }
      ]
    },
    {
      "module": "module.s3",
      "mode": "managed",
      "type": "aws_s3_bucket_public_access_block",
      "name": "artifacts",
      "provider": "provider[\"registry.terraform.io/hashicorp/aws\"]",
      "instances": [
        {
          "index_key": 0,
          "schema_version": 0,
          "attributes": {
            "block_public_acls": true,
            "block_public_policy": true,
            "bucket": "dev-app-artifacts-dev-1aaf3394",
            "id": "dev-app-artifacts-dev-1aaf3394",
            "ignore_public_acls": true,
            "restrict_public_buckets": true
          },
          "sensitive_attributes": [],
          "identity_schema_version": 0,
          "private": "bnVsbA==",
          "dependencies": [
            "module.s3.aws_s3_bucket.artifacts",
            "module.s3.random_id.bucket_suffix"
          ]
        }
      ]
    },
    {
      "module": "module.s3",
      "mode": "managed",
      "type": "aws_s3_bucket_public_access_block",
      "name": "backups",
      "provider": "provider[\"registry.terraform.io/hashicorp/aws\"]",
      "instances": [
        {
          "index_key": 0,
          "schema_version": 0,
          "attributes": {
            "block_public_acls": true,
            "block_public_policy": true,
            "bucket": "dev-app-backups-dev-1aaf3394",
            "id": "dev-app-backups-dev-1aaf3394",
            "ignore_public_acls": true,
            "restrict_public_buckets": true
          },
          "sensitive_attributes": [],
          "identity_schema_version": 0,
          "private": "bnVsbA==",
          "dependencies": [
            "module.s3.aws_s3_bucket.backups",
            "module.s3.random_id.bucket_suffix"
          ]
        }
      ]
    },
    {
      "module": "module.s3",
      "mode": "managed",
      "type": "aws_s3_bucket_public_access_block",
      "name": "logs",
      "provider": "provider[\"registry.terraform.io/hashicorp/aws\"]",
      "instances": [
        {
          "schema_version": 0,
          "attributes": {
            "block_public_acls": true,
            "block_public_policy": true,
            "bucket": "dev-app-logs-dev-1aaf3394",
            "id": "dev-app-logs-dev-1aaf3394",
            "ignore_public_acls": true,
            "restrict_public_buckets": true
          },
          "sensitive_attributes": [],
          "identity_schema_version": 0,
          "private": "bnVsbA==",
          "dependencies": [
            "module.s3.aws_s3_bucket.logs",
            "module.s3.random_id.bucket_suffix"
          ]
        }
      ]
    },
    {
      "module": "module.s3",
      "mode": "managed",
      "type": "aws_s3_bucket_server_side_encryption_configuration",
      "name": "artifacts",
      "provider": "provider[\"registry.terraform.io/hashicorp/aws\"]",
      "instances": [
        {
          "index_key": 0,
          "schema_version": 0,
          "attributes": {
            "bucket": "dev-app-artifacts-dev-1aaf3394",
            "expected_bucket_owner": "",
            "id": "dev-app-artifacts-dev-1aaf3394",
            "rule": [
              {
                "apply_server_side_encryption_by_default": [
                  {
                    "kms_master_key_id": "arn:aws:kms:ap-northeast-2:902597156026:key/88faccaa-82fc-4dc1-9183-6f4eab39ef7f",
                    "sse_algorithm": "aws:kms"
                  }
                ],
                "bucket_key_enabled": true
              }
            ]
          },
          "sensitive_attributes": [],
          "identity_schema_version": 0,
          "private": "bnVsbA==",
          "dependencies": [
            "module.s3.aws_kms_key.s3",
            "module.s3.aws_s3_bucket.artifacts",
            "module.s3.random_id.bucket_suffix"
          ]
        }
      ]
    },
    {
      "module": "module.s3",
      "mode": "managed",
      "type": "aws_s3_bucket_server_side_encryption_configuration",
      "name": "backups",
      "provider": "provider[\"registry.terraform.io/hashicorp/aws\"]",
      "instances": [
        {
          "index_key": 0,
          "schema_version": 0,
          "attributes": {
            "bucket": "dev-app-backups-dev-1aaf3394",
            "expected_bucket_owner": "",
            "id": "dev-app-backups-dev-1aaf3394",
            "rule": [
              {
                "apply_server_side_encryption_by_default": [
                  {
                    "kms_master_key_id": "arn:aws:kms:ap-northeast-2:902597156026:key/88faccaa-82fc-4dc1-9183-6f4eab39ef7f",
                    "sse_algorithm": "aws:kms"
                  }
                ],
                "bucket_key_enabled": true
              }
            ]
          },
          "sensitive_attributes": [],
          "identity_schema_version": 0,
          "private": "bnVsbA==",
          "dependencies": [
            "module.s3.aws_kms_key.s3",
            "module.s3.aws_s3_bucket.backups",
            "module.s3.random_id.bucket_suffix"
          ]
        }
      ]
    },
    {
      "module": "module.s3",
      "mode": "managed",
      "type": "aws_s3_bucket_server_side_encryption_configuration",
      "name": "logs",
      "provider": "provider[\"registry.terraform.io/hashicorp/aws\"]",
      "instances": [
        {
          "schema_version": 0,
          "attributes": {
            "bucket": "dev-app-logs-dev-1aaf3394",
            "expected_bucket_owner": "",
            "id": "dev-app-logs-dev-1aaf3394",
            "rule": [
              {
                "apply_server_side_encryption_by_default": [
                  {
                    "kms_master_key_id": "arn:aws:kms:ap-northeast-2:902597156026:key/88faccaa-82fc-4dc1-9183-6f4eab39ef7f",
                    "sse_algorithm": "aws:kms"
                  }
                ],
                "bucket_key_enabled": true
              }
            ]
          },
          "sensitive_attributes": [],
          "identity_schema_version": 0,
          "private": "bnVsbA==",
          "dependencies": [
            "module.s3.aws_kms_key.s3",
            "module.s3.aws_s3_bucket.logs",
            "module.s3.random_id.bucket_suffix"
          ]
        }
      ]
    },
    {
      "module": "module.s3",
      "mode": "managed",
      "type": "aws_s3_bucket_versioning",
      "name": "artifacts",
      "provider": "provider[\"registry.terraform.io/hashicorp/aws\"]",
      "instances": [
        {
          "index_key": 0,
          "schema_version": 0,
          "attributes": {
            "bucket": "dev-app-artifacts-dev-1aaf3394",
            "expected_bucket_owner": "",
            "id": "dev-app-artifacts-dev-1aaf3394",
            "mfa": null,
            "versioning_configuration": [
              {
                "mfa_delete": "",
                "status": "Enabled"
              }
            ]
          },
          "sensitive_attributes": [],
          "identity_schema_version": 0,
          "private": "bnVsbA==",
          "dependencies": [
            "module.s3.aws_s3_bucket.artifacts",
            "module.s3.random_id.bucket_suffix"
          ]
        }
      ]
    },
    {
      "module": "module.s3",
      "mode": "managed",
      "type": "aws_s3_bucket_versioning",
      "name": "backups",
      "provider": "provider[\"registry.terraform.io/hashicorp/aws\"]",
      "instances": [
        {
          "index_key": 0,
          "schema_version": 0,
          "attributes": {
            "bucket": "dev-app-backups-dev-1aaf3394",
            "expected_bucket_owner": "",
            "id": "dev-app-backups-dev-1aaf3394",
            "mfa": null,
            "versioning_configuration": [
              {
                "mfa_delete": "",
                "status": "Enabled"
              }
            ]
          },
          "sensitive_attributes": [],
          "identity_schema_version": 0,
          "private": "bnVsbA==",
          "dependencies": [
            "module.s3.aws_s3_bucket.backups",
            "module.s3.random_id.bucket_suffix"
          ]
        }
      ]
    },
    {
      "module": "module.s3",
      "mode": "managed",
      "type": "aws_s3_bucket_versioning",
      "name": "logs",
      "provider": "provider[\"registry.terraform.io/hashicorp/aws\"]",
      "instances": [
        {
          "schema_version": 0,
          "attributes": {
            "bucket": "dev-app-logs-dev-1aaf3394",
            "expected_bucket_owner": "",
            "id": "dev-app-logs-dev-1aaf3394",
            "mfa": null,
            "versioning_configuration": [
              {
                "mfa_delete": "",
                "status": "Enabled"
              }
            ]
          },
          "sensitive_attributes": [],
          "identity_schema_version": 0,
          "private": "bnVsbA==",
          "dependencies": [
            "module.s3.aws_s3_bucket.logs",
            "module.s3.random_id.bucket_suffix"
          ]
        }
      ]
    },
    {
      "module": "module.s3",
      "mode": "managed",
      "type": "random_id",
      "name": "bucket_suffix",
      "provider": "provider[\"registry.terraform.io/hashicorp/random\"]",
      "instances": [
        {
          "schema_version": 0,
          "attributes": {
            "b64_std": "Gq8zlA==",
            "b64_url": "Gq8zlA",
            "byte_length": 4,
            "dec": "447689620",
            "hex": "1aaf3394",
            "id": "Gq8zlA",
            "keepers": null,
            "prefix": null
          },
          "sensitive_attributes": [],
          "identity_schema_version": 0
        }
      ]
    },
    {
      "module": "module.vpc",
      "mode": "data",
      "type": "aws_availability_zones",
      "name": "available",
      "provider": "provider[\"registry.terraform.io/hashicorp/aws\"]",
      "instances": [
        {
          "schema_version": 0,
          "attributes": {
            "all_availability_zones": null,
            "exclude_names": null,
            "exclude_zone_ids": null,
            "filter": null,
            "group_names": [
              "ap-northeast-2-zg-1"
            ],
            "id": "ap-northeast-2",
            "names": [
              "ap-northeast-2a",
              "ap-northeast-2b",
              "ap-northeast-2c",
              "ap-northeast-2d"
            ],
            "state": "available",
            "timeouts": null,
            "zone_ids": [
              "apne2-az1",
              "apne2-az2",
              "apne2-az3",
              "apne2-az4"
            ]
          },
          "sensitive_attributes": [],
          "identity_schema_version": 0
        }
      ]
    },
    {
      "module": "module.vpc",
      "mode": "managed",
      "type": "aws_cloudwatch_log_group",
      "name": "vpc_flow_log",
      "provider": "provider[\"registry.terraform.io/hashicorp/aws\"]",
      "instances": [
        {
          "index_key": 0,
          "schema_version": 0,
          "attributes": {
            "arn": "arn:aws:logs:ap-northeast-2:902597156026:log-group:/aws/vpc/flowlogs/dev-app",
            "id": "/aws/vpc/flowlogs/dev-app",
            "kms_key_id": "",
            "name": "/aws/vpc/flowlogs/dev-app",
            "name_prefix": "",
            "retention_in_days": 30,
            "skip_destroy": false,
            "tags": {
              "Component": "Networking",
              "CostCenter": "default-cost-center",
              "ManagedBy": "Terraform",
              "Name": "dev-app-vpc-flow-logs",
              "Owner": "DevSecOps Team",
              "Project": "dev-app",
              "Terraform": "true",
              "Type": "Network Security"
            },
            "tags_all": {
              "Component": "Networking",
              "CostCenter": "default-cost-center",
              "Environment": "dev",
              "ManagedBy": "Terraform",
              "Name": "dev-app-vpc-flow-logs",
              "Owner": "DevSecOps Team",
              "Project": "dev-app",
              "Terraform": "true",
              "Type": "Network Security"
            }
          },
          "sensitive_attributes": [],
          "identity_schema_version": 0,
          "private": "bnVsbA==",
          "create_before_destroy": true
        }
      ]
    },
    {
      "module": "module.vpc",
      "mode": "managed",
      "type": "aws_eip",
      "name": "nat",
      "provider": "provider[\"registry.terraform.io/hashicorp/aws\"]",
      "instances": [
        {
          "index_key": 0,
          "schema_version": 0,
          "attributes": {
            "address": null,
            "allocation_id": "eipalloc-0d3bef0ba3dfb14b0",
            "associate_with_private_ip": null,
            "association_id": "",
            "carrier_ip": "",
            "customer_owned_ip": "",
            "customer_owned_ipv4_pool": "",
            "domain": "vpc",
            "id": "eipalloc-0d3bef0ba3dfb14b0",
            "instance": "",
            "network_border_group": "ap-northeast-2",
            "network_interface": "",
            "private_dns": null,
            "private_ip": "",
            "public_dns": "ec2-3-37-204-47.ap-northeast-2.compute.amazonaws.com",
            "public_ip": "3.37.204.47",
            "public_ipv4_pool": "amazon",
            "tags": {
              "Component": "Networking",
              "CostCenter": "default-cost-center",
              "ManagedBy": "Terraform",
              "Name": "dev-app-nat-eip-1",
              "Owner": "DevSecOps Team",
              "Project": "dev-app",
              "Terraform": "true"
            },
            "tags_all": {
              "Component": "Networking",
              "CostCenter": "default-cost-center",
              "Environment": "dev",
              "ManagedBy": "Terraform",
              "Name": "dev-app-nat-eip-1",
              "Owner": "DevSecOps Team",
              "Project": "dev-app",
              "Terraform": "true"
            },
            "timeouts": null,
            "vpc": true
          },
          "sensitive_attributes": [],
          "identity_schema_version": 0,
          "private": "eyJlMmJmYjczMC1lY2FhLTExZTYtOGY4OC0zNDM2M2JjN2M0YzAiOnsiZGVsZXRlIjoxODAwMDAwMDAwMDAsInJlYWQiOjkwMDAwMDAwMDAwMCwidXBkYXRlIjozMDAwMDAwMDAwMDB9fQ==",
          "dependencies": [
            "module.vpc.aws_internet_gateway.main",
            "module.vpc.aws_vpc.main"
          ],
          "create_before_destroy": true
        }
      ]
    },
    {
      "module": "module.vpc",
      "mode": "managed",
      "type": "aws_iam_role",
      "name": "flow_log",
      "provider": "provider[\"registry.terraform.io/hashicorp/aws\"]",
      "instances": [
        {
          "index_key": 0,
          "schema_version": 0,
          "attributes": {
            "arn": "arn:aws:iam::902597156026:role/dev-app-vpc-flow-log-role",
            "assume_role_policy": "{\"Statement\":[{\"Action\":\"sts:AssumeRole\",\"Effect\":\"Allow\",\"Principal\":{\"Service\":\"vpc-flow-logs.amazonaws.com\"}}],\"Version\":\"2012-10-17\"}",
            "create_date": "2025-07-24T01:36:49Z",
            "description": "",
            "force_detach_policies": false,
            "id": "dev-app-vpc-flow-log-role",
            "inline_policy": [],
            "managed_policy_arns": [],
            "max_session_duration": 3600,
            "name": "dev-app-vpc-flow-log-role",
            "name_prefix": "",
            "path": "/",
            "permissions_boundary": "",
            "tags": {
              "Component": "Networking",
              "CostCenter": "default-cost-center",
              "ManagedBy": "Terraform",
              "Owner": "DevSecOps Team",
              "Project": "dev-app",
              "Terraform": "true"
            },
            "tags_all": {
              "Component": "Networking",
              "CostCenter": "default-cost-center",
              "Environment": "dev",
              "ManagedBy": "Terraform",
              "Owner": "DevSecOps Team",
              "Project": "dev-app",
              "Terraform": "true"
            },
            "unique_id": "AROA5EJX3TS5LDT72352N"
          },
          "sensitive_attributes": [],
          "identity_schema_version": 0,
          "private": "bnVsbA==",
          "create_before_destroy": true
        }
      ]
    },
    {
      "module": "module.vpc",
      "mode": "managed",
      "type": "aws_iam_role_policy",
      "name": "flow_log",
      "provider": "provider[\"registry.terraform.io/hashicorp/aws\"]",
      "instances": [
        {
          "index_key": 0,
          "schema_version": 0,
          "attributes": {
            "id": "dev-app-vpc-flow-log-role:dev-app-vpc-flow-log-policy",
            "name": "dev-app-vpc-flow-log-policy",
            "name_prefix": "",
            "policy": "{\"Version\":\"2012-10-17\",\"Statement\":[{\"Action\":[\"logs:CreateLogGroup\",\"logs:CreateLogStream\",\"logs:PutLogEvents\",\"logs:DescribeLogGroups\",\"logs:DescribeLogStreams\"],\"Effect\":\"Allow\",\"Resource\":\"*\"}]}",
            "role": "dev-app-vpc-flow-log-role"
          },
          "sensitive_attributes": [],
          "identity_schema_version": 0,
          "private": "bnVsbA==",
          "dependencies": [
            "module.vpc.aws_iam_role.flow_log"
          ],
          "create_before_destroy": true
        }
      ]
    },
    {
      "module": "module.vpc",
      "mode": "managed",
      "type": "aws_internet_gateway",
      "name": "main",
      "provider": "provider[\"registry.terraform.io/hashicorp/aws\"]",
      "instances": [
        {
          "schema_version": 0,
          "attributes": {
            "arn": "arn:aws:ec2:ap-northeast-2:902597156026:internet-gateway/igw-003f279582b571b9d",
            "id": "igw-003f279582b571b9d",
            "owner_id": "902597156026",
            "tags": {
              "Component": "Networking",
              "CostCenter": "default-cost-center",
              "ManagedBy": "Terraform",
              "Name": "dev-app-igw",
              "Owner": "DevSecOps Team",
              "Project": "dev-app",
              "Terraform": "true"
            },
            "tags_all": {
              "Component": "Networking",
              "CostCenter": "default-cost-center",
              "Environment": "dev",
              "ManagedBy": "Terraform",
              "Name": "dev-app-igw",
              "Owner": "DevSecOps Team",
              "Project": "dev-app",
              "Terraform": "true"
            },
            "timeouts": null,
            "vpc_id": "vpc-0097d5632100084a3"
          },
          "sensitive_attributes": [],
          "identity_schema_version": 0,
          "private": "eyJlMmJmYjczMC1lY2FhLTExZTYtOGY4OC0zNDM2M2JjN2M0YzAiOnsiY3JlYXRlIjoxMjAwMDAwMDAwMDAwLCJkZWxldGUiOjEyMDAwMDAwMDAwMDAsInVwZGF0ZSI6MTIwMDAwMDAwMDAwMH19",
          "dependencies": [
            "module.vpc.aws_vpc.main"
          ],
          "create_before_destroy": true
        }
      ]
    },
    {
      "module": "module.vpc",
      "mode": "managed",
      "type": "aws_nat_gateway",
      "name": "main",
      "provider": "provider[\"registry.terraform.io/hashicorp/aws\"]",
      "instances": []
    },
    {
      "module": "module.vpc",
      "mode": "managed",
      "type": "aws_route_table",
      "name": "database",
      "provider": "provider[\"registry.terraform.io/hashicorp/aws\"]",
      "instances": [
        {
          "schema_version": 0,
          "attributes": {
            "arn": "arn:aws:ec2:ap-northeast-2:902597156026:route-table/rtb-0358a146d4e924311",
            "id": "rtb-0358a146d4e924311",
            "owner_id": "902597156026",
            "propagating_vgws": [],
            "route": [],
            "tags": {
              "Component": "Networking",
              "CostCenter": "default-cost-center",
              "ManagedBy": "Terraform",
              "Name": "dev-app-db-rt",
              "Owner": "DevSecOps Team",
              "Project": "dev-app",
              "Terraform": "true",
              "Type": "Database"
            },
            "tags_all": {
              "Component": "Networking",
              "CostCenter": "default-cost-center",
              "Environment": "dev",
              "ManagedBy": "Terraform",
              "Name": "dev-app-db-rt",
              "Owner": "DevSecOps Team",
              "Project": "dev-app",
              "Terraform": "true",
              "Type": "Database"
            },
            "timeouts": null,
            "vpc_id": "vpc-0097d5632100084a3"
          },
          "sensitive_attributes": [],
          "identity_schema_version": 0,
          "private": "eyJlMmJmYjczMC1lY2FhLTExZTYtOGY4OC0zNDM2M2JjN2M0YzAiOnsiY3JlYXRlIjozMDAwMDAwMDAwMDAsImRlbGV0ZSI6MzAwMDAwMDAwMDAwLCJ1cGRhdGUiOjEyMDAwMDAwMDAwMH19",
          "dependencies": [
            "module.vpc.aws_vpc.main"
          ],
          "create_before_destroy": true
        }
      ]
    },
    {
      "module": "module.vpc",
      "mode": "managed",
      "type": "aws_route_table",
      "name": "public",
      "provider": "provider[\"registry.terraform.io/hashicorp/aws\"]",
      "instances": [
        {
          "schema_version": 0,
          "attributes": {
            "arn": "arn:aws:ec2:ap-northeast-2:902597156026:route-table/rtb-0af3e4d32b16be537",
            "id": "rtb-0af3e4d32b16be537",
            "owner_id": "902597156026",
            "propagating_vgws": [],
            "route": [
              {
                "carrier_gateway_id": "",
                "cidr_block": "0.0.0.0/0",
                "core_network_arn": "",
                "destination_prefix_list_id": "",
                "egress_only_gateway_id": "",
                "gateway_id": "igw-003f279582b571b9d",
                "ipv6_cidr_block": "",
                "local_gateway_id": "",
                "nat_gateway_id": "",
                "network_interface_id": "",
                "transit_gateway_id": "",
                "vpc_endpoint_id": "",
                "vpc_peering_connection_id": ""
              }
            ],
            "tags": {
              "Component": "Networking",
              "CostCenter": "default-cost-center",
              "ManagedBy": "Terraform",
              "Name": "dev-app-public-rt",
              "Owner": "DevSecOps Team",
              "Project": "dev-app",
              "Terraform": "true",
              "Type": "Public"
            },
            "tags_all": {
              "Component": "Networking",
              "CostCenter": "default-cost-center",
              "Environment": "dev",
              "ManagedBy": "Terraform",
              "Name": "dev-app-public-rt",
              "Owner": "DevSecOps Team",
              "Project": "dev-app",
              "Terraform": "true",
              "Type": "Public"
            },
            "timeouts": null,
            "vpc_id": "vpc-0097d5632100084a3"
          },
          "sensitive_attributes": [],
          "identity_schema_version": 0,
          "private": "eyJlMmJmYjczMC1lY2FhLTExZTYtOGY4OC0zNDM2M2JjN2M0YzAiOnsiY3JlYXRlIjozMDAwMDAwMDAwMDAsImRlbGV0ZSI6MzAwMDAwMDAwMDAwLCJ1cGRhdGUiOjEyMDAwMDAwMDAwMH19",
          "dependencies": [
            "module.vpc.aws_internet_gateway.main",
            "module.vpc.aws_vpc.main"
          ],
          "create_before_destroy": true
        }
      ]
    },
    {
      "module": "module.vpc",
      "mode": "managed",
      "type": "aws_route_table_association",
      "name": "database",
      "provider": "provider[\"registry.terraform.io/hashicorp/aws\"]",
      "instances": [
        {
          "index_key": 0,
          "schema_version": 0,
          "attributes": {
            "gateway_id": "",
            "id": "rtbassoc-032735ab671b15917",
            "route_table_id": "rtb-0358a146d4e924311",
            "subnet_id": "subnet-0413ad211a8d594f0",
            "timeouts": null
          },
          "sensitive_attributes": [],
          "identity_schema_version": 0,
          "private": "eyJlMmJmYjczMC1lY2FhLTExZTYtOGY4OC0zNDM2M2JjN2M0YzAiOnsiY3JlYXRlIjozMDAwMDAwMDAwMDAsImRlbGV0ZSI6MzAwMDAwMDAwMDAwLCJ1cGRhdGUiOjEyMDAwMDAwMDAwMH19",
          "dependencies": [
            "module.vpc.aws_route_table.database",
            "module.vpc.aws_subnet.database",
            "module.vpc.aws_vpc.main",
            "module.vpc.data.aws_availability_zones.available"
          ],
          "create_before_destroy": true
        },
        {
          "index_key": 1,
          "schema_version": 0,
          "attributes": {
            "gateway_id": "",
            "id": "rtbassoc-0083c50ed67172bbf",
            "route_table_id": "rtb-0358a146d4e924311",
            "subnet_id": "subnet-088251dca4761e4d7",
            "timeouts": null
          },
          "sensitive_attributes": [],
          "identity_schema_version": 0,
          "private": "eyJlMmJmYjczMC1lY2FhLTExZTYtOGY4OC0zNDM2M2JjN2M0YzAiOnsiY3JlYXRlIjozMDAwMDAwMDAwMDAsImRlbGV0ZSI6MzAwMDAwMDAwMDAwLCJ1cGRhdGUiOjEyMDAwMDAwMDAwMH19",
          "dependencies": [
            "module.vpc.aws_route_table.database",
            "module.vpc.aws_subnet.database",
            "module.vpc.aws_vpc.main",
            "module.vpc.data.aws_availability_zones.available"
          ],
          "create_before_destroy": true
        }
      ]
    },
    {
      "module": "module.vpc",
      "mode": "managed",
      "type": "aws_route_table_association",
      "name": "public",
      "provider": "provider[\"registry.terraform.io/hashicorp/aws\"]",
      "instances": [
        {
          "index_key": 0,
          "schema_version": 0,
          "attributes": {
            "gateway_id": "",
            "id": "rtbassoc-0ea8210b52edc161f",
            "route_table_id": "rtb-0af3e4d32b16be537",
            "subnet_id": "subnet-01a443dcc54946d57",
            "timeouts": null
          },
          "sensitive_attributes": [],
          "identity_schema_version": 0,
          "private": "eyJlMmJmYjczMC1lY2FhLTExZTYtOGY4OC0zNDM2M2JjN2M0YzAiOnsiY3JlYXRlIjozMDAwMDAwMDAwMDAsImRlbGV0ZSI6MzAwMDAwMDAwMDAwLCJ1cGRhdGUiOjEyMDAwMDAwMDAwMH19",
          "dependencies": [
            "module.vpc.aws_internet_gateway.main",
            "module.vpc.aws_route_table.public",
            "module.vpc.aws_subnet.public",
            "module.vpc.aws_vpc.main",
            "module.vpc.data.aws_availability_zones.available"
          ],
          "create_before_destroy": true
        },
        {
          "index_key": 1,
          "schema_version": 0,
          "attributes": {
            "gateway_id": "",
            "id": "rtbassoc-0936dd8660b00a647",
            "route_table_id": "rtb-0af3e4d32b16be537",
            "subnet_id": "subnet-0b79b093a4fc9404b",
            "timeouts": null
          },
          "sensitive_attributes": [],
          "identity_schema_version": 0,
          "private": "eyJlMmJmYjczMC1lY2FhLTExZTYtOGY4OC0zNDM2M2JjN2M0YzAiOnsiY3JlYXRlIjozMDAwMDAwMDAwMDAsImRlbGV0ZSI6MzAwMDAwMDAwMDAwLCJ1cGRhdGUiOjEyMDAwMDAwMDAwMH19",
          "dependencies": [
            "module.vpc.aws_internet_gateway.main",
            "module.vpc.aws_route_table.public",
            "module.vpc.aws_subnet.public",
            "module.vpc.aws_vpc.main",
            "module.vpc.data.aws_availability_zones.available"
          ],
          "create_before_destroy": true
        }
      ]
    },
    {
      "module": "module.vpc",
      "mode": "managed",
      "type": "aws_subnet",
      "name": "database",
      "provider": "provider[\"registry.terraform.io/hashicorp/aws\"]",
      "instances": [
        {
          "index_key": 0,
          "schema_version": 1,
          "attributes": {
            "arn": "arn:aws:ec2:ap-northeast-2:902597156026:subnet/subnet-0413ad211a8d594f0",
            "assign_ipv6_address_on_creation": false,
            "availability_zone": "ap-northeast-2a",
            "availability_zone_id": "apne2-az1",
            "cidr_block": "10.0.100.0/24",
            "customer_owned_ipv4_pool": "",
            "enable_dns64": false,
            "enable_lni_at_device_index": 0,
            "enable_resource_name_dns_a_record_on_launch": false,
            "enable_resource_name_dns_aaaa_record_on_launch": false,
            "id": "subnet-0413ad211a8d594f0",
            "ipv6_cidr_block": "",
            "ipv6_cidr_block_association_id": "",
            "ipv6_native": false,
            "map_customer_owned_ip_on_launch": false,
            "map_public_ip_on_launch": false,
            "outpost_arn": "",
            "owner_id": "902597156026",
            "private_dns_hostname_type_on_launch": "ip-name",
            "tags": {
              "Component": "Networking",
              "CostCenter": "default-cost-center",
              "ManagedBy": "Terraform",
              "Name": "dev-app-db-subnet-1",
              "Owner": "DevSecOps Team",
              "Project": "dev-app",
              "Terraform": "true",
              "Tier": "Data",
              "Type": "Database"
            },
            "tags_all": {
              "Component": "Networking",
              "CostCenter": "default-cost-center",
              "Environment": "dev",
              "ManagedBy": "Terraform",
              "Name": "dev-app-db-subnet-1",
              "Owner": "DevSecOps Team",
              "Project": "dev-app",
              "Terraform": "true",
              "Tier": "Data",
              "Type": "Database"
            },
            "timeouts": null,
            "vpc_id": "vpc-0097d5632100084a3"
          },
          "sensitive_attributes": [],
          "identity_schema_version": 0,
          "private": "eyJlMmJmYjczMC1lY2FhLTExZTYtOGY4OC0zNDM2M2JjN2M0YzAiOnsiY3JlYXRlIjo2MDAwMDAwMDAwMDAsImRlbGV0ZSI6MTIwMDAwMDAwMDAwMH0sInNjaGVtYV92ZXJzaW9uIjoiMSJ9",
          "dependencies": [
            "module.vpc.aws_vpc.main",
            "module.vpc.data.aws_availability_zones.available"
          ],
          "create_before_destroy": true
        },
        {
          "index_key": 1,
          "schema_version": 1,
          "attributes": {
            "arn": "arn:aws:ec2:ap-northeast-2:902597156026:subnet/subnet-088251dca4761e4d7",
            "assign_ipv6_address_on_creation": false,
            "availability_zone": "ap-northeast-2b",
            "availability_zone_id": "apne2-az2",
            "cidr_block": "10.0.110.0/24",
            "customer_owned_ipv4_pool": "",
            "enable_dns64": false,
            "enable_lni_at_device_index": 0,
            "enable_resource_name_dns_a_record_on_launch": false,
            "enable_resource_name_dns_aaaa_record_on_launch": false,
            "id": "subnet-088251dca4761e4d7",
            "ipv6_cidr_block": "",
            "ipv6_cidr_block_association_id": "",
            "ipv6_native": false,
            "map_customer_owned_ip_on_launch": false,
            "map_public_ip_on_launch": false,
            "outpost_arn": "",
            "owner_id": "902597156026",
            "private_dns_hostname_type_on_launch": "ip-name",
            "tags": {
              "Component": "Networking",
              "CostCenter": "default-cost-center",
              "ManagedBy": "Terraform",
              "Name": "dev-app-db-subnet-2",
              "Owner": "DevSecOps Team",
              "Project": "dev-app",
              "Terraform": "true",
              "Tier": "Data",
              "Type": "Database"
            },
            "tags_all": {
              "Component": "Networking",
              "CostCenter": "default-cost-center",
              "Environment": "dev",
              "ManagedBy": "Terraform",
              "Name": "dev-app-db-subnet-2",
              "Owner": "DevSecOps Team",
              "Project": "dev-app",
              "Terraform": "true",
              "Tier": "Data",
              "Type": "Database"
            },
            "timeouts": null,
            "vpc_id": "vpc-0097d5632100084a3"
          },
          "sensitive_attributes": [],
          "identity_schema_version": 0,
          "private": "eyJlMmJmYjczMC1lY2FhLTExZTYtOGY4OC0zNDM2M2JjN2M0YzAiOnsiY3JlYXRlIjo2MDAwMDAwMDAwMDAsImRlbGV0ZSI6MTIwMDAwMDAwMDAwMH0sInNjaGVtYV92ZXJzaW9uIjoiMSJ9",
          "dependencies": [
            "module.vpc.aws_vpc.main",
            "module.vpc.data.aws_availability_zones.available"
          ],
          "create_before_destroy": true
        }
      ]
    },
    {
      "module": "module.vpc",
      "mode": "managed",
      "type": "aws_subnet",
      "name": "private",
      "provider": "provider[\"registry.terraform.io/hashicorp/aws\"]",
      "instances": [
        {
          "index_key": 0,
          "schema_version": 1,
          "attributes": {
            "arn": "arn:aws:ec2:ap-northeast-2:902597156026:subnet/subnet-0c5c8d065ef2253d1",
            "assign_ipv6_address_on_creation": false,
            "availability_zone": "ap-northeast-2a",
            "availability_zone_id": "apne2-az1",
            "cidr_block": "10.0.10.0/24",
            "customer_owned_ipv4_pool": "",
            "enable_dns64": false,
            "enable_lni_at_device_index": 0,
            "enable_resource_name_dns_a_record_on_launch": false,
            "enable_resource_name_dns_aaaa_record_on_launch": false,
            "id": "subnet-0c5c8d065ef2253d1",
            "ipv6_cidr_block": "",
            "ipv6_cidr_block_association_id": "",
            "ipv6_native": false,
            "map_customer_owned_ip_on_launch": false,
            "map_public_ip_on_launch": false,
            "outpost_arn": "",
            "owner_id": "902597156026",
            "private_dns_hostname_type_on_launch": "ip-name",
            "tags": {
              "Component": "Networking",
              "CostCenter": "default-cost-center",
              "ManagedBy": "Terraform",
              "Name": "dev-app-private-subnet-1",
              "Owner": "DevSecOps Team",
              "Project": "dev-app",
              "Terraform": "true",
              "Tier": "Application",
              "Type": "Private",
              "kubernetes.io/cluster/dev-app-eks": "shared",
              "kubernetes.io/role/internal-elb": "1"
            },
            "tags_all": {
              "Component": "Networking",
              "CostCenter": "default-cost-center",
              "Environment": "dev",
              "ManagedBy": "Terraform",
              "Name": "dev-app-private-subnet-1",
              "Owner": "DevSecOps Team",
              "Project": "dev-app",
              "Terraform": "true",
              "Tier": "Application",
              "Type": "Private",
              "kubernetes.io/cluster/dev-app-eks": "shared",
              "kubernetes.io/role/internal-elb": "1"
            },
            "timeouts": null,
            "vpc_id": "vpc-0097d5632100084a3"
          },
          "sensitive_attributes": [],
          "identity_schema_version": 0,
          "private": "eyJlMmJmYjczMC1lY2FhLTExZTYtOGY4OC0zNDM2M2JjN2M0YzAiOnsiY3JlYXRlIjo2MDAwMDAwMDAwMDAsImRlbGV0ZSI6MTIwMDAwMDAwMDAwMH0sInNjaGVtYV92ZXJzaW9uIjoiMSJ9",
          "dependencies": [
            "module.vpc.aws_vpc.main",
            "module.vpc.data.aws_availability_zones.available"
          ],
          "create_before_destroy": true
        },
        {
          "index_key": 1,
          "schema_version": 1,
          "attributes": {
            "arn": "arn:aws:ec2:ap-northeast-2:902597156026:subnet/subnet-012bb5130c8736c12",
            "assign_ipv6_address_on_creation": false,
            "availability_zone": "ap-northeast-2b",
            "availability_zone_id": "apne2-az2",
            "cidr_block": "10.0.20.0/24",
            "customer_owned_ipv4_pool": "",
            "enable_dns64": false,
            "enable_lni_at_device_index": 0,
            "enable_resource_name_dns_a_record_on_launch": false,
            "enable_resource_name_dns_aaaa_record_on_launch": false,
            "id": "subnet-012bb5130c8736c12",
            "ipv6_cidr_block": "",
            "ipv6_cidr_block_association_id": "",
            "ipv6_native": false,
            "map_customer_owned_ip_on_launch": false,
            "map_public_ip_on_launch": false,
            "outpost_arn": "",
            "owner_id": "902597156026",
            "private_dns_hostname_type_on_launch": "ip-name",
            "tags": {
              "Component": "Networking",
              "CostCenter": "default-cost-center",
              "ManagedBy": "Terraform",
              "Name": "dev-app-private-subnet-2",
              "Owner": "DevSecOps Team",
              "Project": "dev-app",
              "Terraform": "true",
              "Tier": "Application",
              "Type": "Private",
              "kubernetes.io/cluster/dev-app-eks": "shared",
              "kubernetes.io/role/internal-elb": "1"
            },
            "tags_all": {
              "Component": "Networking",
              "CostCenter": "default-cost-center",
              "Environment": "dev",
              "ManagedBy": "Terraform",
              "Name": "dev-app-private-subnet-2",
              "Owner": "DevSecOps Team",
              "Project": "dev-app",
              "Terraform": "true",
              "Tier": "Application",
              "Type": "Private",
              "kubernetes.io/cluster/dev-app-eks": "shared",
              "kubernetes.io/role/internal-elb": "1"
            },
            "timeouts": null,
            "vpc_id": "vpc-0097d5632100084a3"
          },
          "sensitive_attributes": [],
          "identity_schema_version": 0,
          "private": "eyJlMmJmYjczMC1lY2FhLTExZTYtOGY4OC0zNDM2M2JjN2M0YzAiOnsiY3JlYXRlIjo2MDAwMDAwMDAwMDAsImRlbGV0ZSI6MTIwMDAwMDAwMDAwMH0sInNjaGVtYV92ZXJzaW9uIjoiMSJ9",
          "dependencies": [
            "module.vpc.aws_vpc.main",
            "module.vpc.data.aws_availability_zones.available"
          ],
          "create_before_destroy": true
        }
      ]
    },
    {
      "module": "module.vpc",
      "mode": "managed",
      "type": "aws_subnet",
      "name": "public",
      "provider": "provider[\"registry.terraform.io/hashicorp/aws\"]",
      "instances": [
        {
          "index_key": 0,
          "schema_version": 1,
          "attributes": {
            "arn": "arn:aws:ec2:ap-northeast-2:902597156026:subnet/subnet-01a443dcc54946d57",
            "assign_ipv6_address_on_creation": false,
            "availability_zone": "ap-northeast-2a",
            "availability_zone_id": "apne2-az1",
            "cidr_block": "10.0.1.0/24",
            "customer_owned_ipv4_pool": "",
            "enable_dns64": false,
            "enable_lni_at_device_index": 0,
            "enable_resource_name_dns_a_record_on_launch": false,
            "enable_resource_name_dns_aaaa_record_on_launch": false,
            "id": "subnet-01a443dcc54946d57",
            "ipv6_cidr_block": "",
            "ipv6_cidr_block_association_id": "",
            "ipv6_native": false,
            "map_customer_owned_ip_on_launch": false,
            "map_public_ip_on_launch": true,
            "outpost_arn": "",
            "owner_id": "902597156026",
            "private_dns_hostname_type_on_launch": "ip-name",
            "tags": {
              "Component": "Networking",
              "CostCenter": "default-cost-center",
              "ManagedBy": "Terraform",
              "Name": "dev-app-public-subnet-1",
              "Owner": "DevSecOps Team",
              "Project": "dev-app",
              "Terraform": "true",
              "Tier": "Web",
              "Type": "Public"
            },
            "tags_all": {
              "Component": "Networking",
              "CostCenter": "default-cost-center",
              "Environment": "dev",
              "ManagedBy": "Terraform",
              "Name": "dev-app-public-subnet-1",
              "Owner": "DevSecOps Team",
              "Project": "dev-app",
              "Terraform": "true",
              "Tier": "Web",
              "Type": "Public"
            },
            "timeouts": null,
            "vpc_id": "vpc-0097d5632100084a3"
          },
          "sensitive_attributes": [],
          "identity_schema_version": 0,
          "private": "eyJlMmJmYjczMC1lY2FhLTExZTYtOGY4OC0zNDM2M2JjN2M0YzAiOnsiY3JlYXRlIjo2MDAwMDAwMDAwMDAsImRlbGV0ZSI6MTIwMDAwMDAwMDAwMH0sInNjaGVtYV92ZXJzaW9uIjoiMSJ9",
          "dependencies": [
            "module.vpc.aws_vpc.main",
            "module.vpc.data.aws_availability_zones.available"
          ],
          "create_before_destroy": true
        },
        {
          "index_key": 1,
          "schema_version": 1,
          "attributes": {
            "arn": "arn:aws:ec2:ap-northeast-2:902597156026:subnet/subnet-0b79b093a4fc9404b",
            "assign_ipv6_address_on_creation": false,
            "availability_zone": "ap-northeast-2b",
            "availability_zone_id": "apne2-az2",
            "cidr_block": "10.0.2.0/24",
            "customer_owned_ipv4_pool": "",
            "enable_dns64": false,
            "enable_lni_at_device_index": 0,
            "enable_resource_name_dns_a_record_on_launch": false,
            "enable_resource_name_dns_aaaa_record_on_launch": false,
            "id": "subnet-0b79b093a4fc9404b",
            "ipv6_cidr_block": "",
            "ipv6_cidr_block_association_id": "",
            "ipv6_native": false,
            "map_customer_owned_ip_on_launch": false,
            "map_public_ip_on_launch": true,
            "outpost_arn": "",
            "owner_id": "902597156026",
            "private_dns_hostname_type_on_launch": "ip-name",
            "tags": {
              "Component": "Networking",
              "CostCenter": "default-cost-center",
              "ManagedBy": "Terraform",
              "Name": "dev-app-public-subnet-2",
              "Owner": "DevSecOps Team",
              "Project": "dev-app",
              "Terraform": "true",
              "Tier": "Web",
              "Type": "Public"
            },
            "tags_all": {
              "Component": "Networking",
              "CostCenter": "default-cost-center",
              "Environment": "dev",
              "ManagedBy": "Terraform",
              "Name": "dev-app-public-subnet-2",
              "Owner": "DevSecOps Team",
              "Project": "dev-app",
              "Terraform": "true",
              "Tier": "Web",
              "Type": "Public"
            },
            "timeouts": null,
            "vpc_id": "vpc-0097d5632100084a3"
          },
          "sensitive_attributes": [],
          "identity_schema_version": 0,
          "private": "eyJlMmJmYjczMC1lY2FhLTExZTYtOGY4OC0zNDM2M2JjN2M0YzAiOnsiY3JlYXRlIjo2MDAwMDAwMDAwMDAsImRlbGV0ZSI6MTIwMDAwMDAwMDAwMH0sInNjaGVtYV92ZXJzaW9uIjoiMSJ9",
          "dependencies": [
            "module.vpc.aws_vpc.main",
            "module.vpc.data.aws_availability_zones.available"
          ],
          "create_before_destroy": true
        }
      ]
    },
    {
      "module": "module.vpc",
      "mode": "managed",
      "type": "aws_vpc",
      "name": "main",
      "provider": "provider[\"registry.terraform.io/hashicorp/aws\"]",
      "instances": [
        {
          "schema_version": 1,
          "attributes": {
            "arn": "arn:aws:ec2:ap-northeast-2:902597156026:vpc/vpc-0097d5632100084a3",
            "assign_generated_ipv6_cidr_block": false,
            "cidr_block": "10.0.0.0/16",
            "default_network_acl_id": "acl-09f79099ff5088547",
            "default_route_table_id": "rtb-09b9bfec8270cf65a",
            "default_security_group_id": "sg-035cef8f3163ac452",
            "dhcp_options_id": "dopt-0b5003822d4062ecb",
            "enable_dns_hostnames": true,
            "enable_dns_support": true,
            "enable_network_address_usage_metrics": false,
            "id": "vpc-0097d5632100084a3",
            "instance_tenancy": "default",
            "ipv4_ipam_pool_id": null,
            "ipv4_netmask_length": null,
            "ipv6_association_id": "",
            "ipv6_cidr_block": "",
            "ipv6_cidr_block_network_border_group": "",
            "ipv6_ipam_pool_id": "",
            "ipv6_netmask_length": 0,
            "main_route_table_id": "rtb-09b9bfec8270cf65a",
            "owner_id": "902597156026",
            "tags": {
              "Component": "Networking",
              "CostCenter": "default-cost-center",
              "ManagedBy": "Terraform",
              "Name": "dev-app-vpc",
              "Owner": "DevSecOps Team",
              "Project": "dev-app",
              "Terraform": "true",
              "Type": "Main VPC"
            },
            "tags_all": {
              "Component": "Networking",
              "CostCenter": "default-cost-center",
              "Environment": "dev",
              "ManagedBy": "Terraform",
              "Name": "dev-app-vpc",
              "Owner": "DevSecOps Team",
              "Project": "dev-app",
              "Terraform": "true",
              "Type": "Main VPC"
            }
          },
          "sensitive_attributes": [],
          "identity_schema_version": 0,
          "private": "eyJzY2hlbWFfdmVyc2lvbiI6IjEifQ==",
          "create_before_destroy": true
        }
      ]
    }
  ],
  "check_results": null
}
